PODS:
  - ZXingObjC (3.2.1):
    - ZXingObjC/All (= 3.2.1)
  - ZXingObjC/All (3.2.1)
  - ZYCornerRadius (1.0.2)

DEPENDENCIES:
  - ZXingObjC
  - ZYCornerRadius

SPEC CHECKSUMS:
  ZXingObjC: bbf7b8f0cf8933fdd33eb4f9f46e22308552869b
  ZYCornerRadius: f0af817be7805b5c63d793042ca7a03f81e14069

PODFILE CHECKSUM: b12f32a7c4be1e4e4532f3607f2831eff01af90f

COCOAPODS: 1.2.1
