// !$*UTF8*$!
{
	archiveVersion = 1;
	classes = {
	};
	objectVersion = 46;
	objects = {

/* Begin PBXBuildFile section */
		3A7172331F77506500CA244C /* LBSMScrollAdFootView.m in Sources */ = {isa = PBXBuildFile; fileRef = 3A7172321F77506500CA244C /* LBSMScrollAdFootView.m */; };
		3A7172381F7753E300CA244C /* LBSMPinPaiJingXuanCell.m in Sources */ = {isa = PBXBuildFile; fileRef = 3A7172371F7753E300CA244C /* LBSMPinPaiJingXuanCell.m */; };
		3A71723B1F77646B00CA244C /* LBSMPinPaiHeaderView.m in Sources */ = {isa = PBXBuildFile; fileRef = 3A71723A1F77646B00CA244C /* LBSMPinPaiHeaderView.m */; };
		3A71723E1F77709600CA244C /* LBSMPinPaiButton.m in Sources */ = {isa = PBXBuildFile; fileRef = 3A71723D1F77709600CA244C /* LBSMPinPaiButton.m */; };
		3A7172411F77731F00CA244C /* LBSMHotCommendHeadView.m in Sources */ = {isa = PBXBuildFile; fileRef = 3A7172401F77731F00CA244C /* LBSMHotCommendHeadView.m */; };
		3A7172441F77745300CA244C /* LBSMHotCommendFootView.m in Sources */ = {isa = PBXBuildFile; fileRef = 3A7172431F77745300CA244C /* LBSMHotCommendFootView.m */; };
		3A7172471F7776E700CA244C /* LBSMHotCommendCell.m in Sources */ = {isa = PBXBuildFile; fileRef = 3A7172461F7776E700CA244C /* LBSMHotCommendCell.m */; };
		3A71724A1F77776E00CA244C /* LBSMHotCommend.m in Sources */ = {isa = PBXBuildFile; fileRef = 3A7172491F77776E00CA244C /* LBSMHotCommend.m */; };
		3A71724F1F777CD800CA244C /* Foundation+Log.m in Sources */ = {isa = PBXBuildFile; fileRef = 3A71724B1F777CD800CA244C /* Foundation+Log.m */; };
		3A7172501F777CD800CA244C /* DCSpeedy.m in Sources */ = {isa = PBXBuildFile; fileRef = 3A71724E1F777CD800CA244C /* DCSpeedy.m */; };
		3A7172551F77837900CA244C /* LBSMGoodsSetController.m in Sources */ = {isa = PBXBuildFile; fileRef = 3A7172541F77837900CA244C /* LBSMGoodsSetController.m */; };
		3AA90C5A1F651B2B00048C39 /* NSArray+Log.m in Sources */ = {isa = PBXBuildFile; fileRef = 3AA90C431F651B2B00048C39 /* NSArray+Log.m */; };
		3AA90C5B1F651B2B00048C39 /* NSAttributedString+CZAdditon.m in Sources */ = {isa = PBXBuildFile; fileRef = 3AA90C451F651B2B00048C39 /* NSAttributedString+CZAdditon.m */; };
		3AA90C5C1F651B2B00048C39 /* NSObject+CZRuntime.m in Sources */ = {isa = PBXBuildFile; fileRef = 3AA90C471F651B2B00048C39 /* NSObject+CZRuntime.m */; };
		3AA90C5D1F651B2B00048C39 /* NSString+CZBase64.m in Sources */ = {isa = PBXBuildFile; fileRef = 3AA90C491F651B2B00048C39 /* NSString+CZBase64.m */; };
		3AA90C5E1F651B2B00048C39 /* NSString+CZHash.m in Sources */ = {isa = PBXBuildFile; fileRef = 3AA90C4B1F651B2B00048C39 /* NSString+CZHash.m */; };
		3AA90C5F1F651B2B00048C39 /* NSString+CZPath.m in Sources */ = {isa = PBXBuildFile; fileRef = 3AA90C4D1F651B2B00048C39 /* NSString+CZPath.m */; };
		3AA90C601F651B2B00048C39 /* UIButton+CZAddition.m in Sources */ = {isa = PBXBuildFile; fileRef = 3AA90C4F1F651B2B00048C39 /* UIButton+CZAddition.m */; };
		3AA90C611F651B2B00048C39 /* UIColor+CZAddition.m in Sources */ = {isa = PBXBuildFile; fileRef = 3AA90C511F651B2B00048C39 /* UIColor+CZAddition.m */; };
		3AA90C621F651B2B00048C39 /* UILabel+CZAddition.m in Sources */ = {isa = PBXBuildFile; fileRef = 3AA90C531F651B2B00048C39 /* UILabel+CZAddition.m */; };
		3AA90C631F651B2B00048C39 /* UIScreen+CZAddition.m in Sources */ = {isa = PBXBuildFile; fileRef = 3AA90C551F651B2B00048C39 /* UIScreen+CZAddition.m */; };
		3AA90C641F651B2B00048C39 /* UIView+CZAddition.m in Sources */ = {isa = PBXBuildFile; fileRef = 3AA90C571F651B2B00048C39 /* UIView+CZAddition.m */; };
		3AA90C651F651B2B00048C39 /* UIViewController+CZAddition.m in Sources */ = {isa = PBXBuildFile; fileRef = 3AA90C591F651B2B00048C39 /* UIViewController+CZAddition.m */; };
		3AA90C6A1F651CB900048C39 /* AppDelegate.m in Sources */ = {isa = PBXBuildFile; fileRef = 3AA90C691F651CB900048C39 /* AppDelegate.m */; };
		3AA90C6E1F651D2100048C39 /* LBSMTabBarController.m in Sources */ = {isa = PBXBuildFile; fileRef = 3AA90C6D1F651D2100048C39 /* LBSMTabBarController.m */; };
		3AF2C9DF1F7BF82C00A5B701 /* LBSMGoodListCommend.m in Sources */ = {isa = PBXBuildFile; fileRef = 3AF2C9DE1F7BF82C00A5B701 /* LBSMGoodListCommend.m */; };
		3AF2C9E31F7BFC3A00A5B701 /* LBSMGoodListCollectionCell.m in Sources */ = {isa = PBXBuildFile; fileRef = 3AF2C9E21F7BFC3A00A5B701 /* LBSMGoodListCollectionCell.m */; };
		3AF2C9E61F7BFC4E00A5B701 /* LBSMGoodGridCollectionCell.m in Sources */ = {isa = PBXBuildFile; fileRef = 3AF2C9E51F7BFC4E00A5B701 /* LBSMGoodGridCollectionCell.m */; };
		3AFA7EAC1F64546300CC1D2D /* main.m in Sources */ = {isa = PBXBuildFile; fileRef = 3AFA7EAB1F64546300CC1D2D /* main.m */; };
		3AFA7EB71F64546300CC1D2D /* Assets.xcassets in Resources */ = {isa = PBXBuildFile; fileRef = 3AFA7EB61F64546300CC1D2D /* Assets.xcassets */; };
		3AFA7EBA1F64546300CC1D2D /* LaunchScreen.storyboard in Resources */ = {isa = PBXBuildFile; fileRef = 3AFA7EB81F64546300CC1D2D /* LaunchScreen.storyboard */; };
		3AFA7EC51F64546300CC1D2D /* LBStoreMallTests.m in Sources */ = {isa = PBXBuildFile; fileRef = 3AFA7EC41F64546300CC1D2D /* LBStoreMallTests.m */; };
		3AFA7ED01F64546300CC1D2D /* LBStoreMallUITests.m in Sources */ = {isa = PBXBuildFile; fileRef = 3AFA7ECF1F64546300CC1D2D /* LBStoreMallUITests.m */; };
		F87B43BF1F678726005ED2BC /* LBSMNavController.m in Sources */ = {isa = PBXBuildFile; fileRef = F87B43BE1F678726005ED2BC /* LBSMNavController.m */; };
		F87B43C71F678BEE005ED2BC /* LBSMTabBar.m in Sources */ = {isa = PBXBuildFile; fileRef = F87B43C61F678BEE005ED2BC /* LBSMTabBar.m */; };
		F87B43CE1F67D541005ED2BC /* LBSMClassifyController.m in Sources */ = {isa = PBXBuildFile; fileRef = F87B43CD1F67D541005ED2BC /* LBSMClassifyController.m */; };
		F87B43D11F67D55C005ED2BC /* LBSMHomeController.m in Sources */ = {isa = PBXBuildFile; fileRef = F87B43D01F67D55C005ED2BC /* LBSMHomeController.m */; };
		F87B43D41F67D56A005ED2BC /* LBSMMineController.m in Sources */ = {isa = PBXBuildFile; fileRef = F87B43D31F67D56A005ED2BC /* LBSMMineController.m */; };
		F87B43D71F67D57C005ED2BC /* LBSMShopController.m in Sources */ = {isa = PBXBuildFile; fileRef = F87B43D61F67D57C005ED2BC /* LBSMShopController.m */; };
		F8A990011F749AB300C2592B /* GQGesVCTransition.m in Sources */ = {isa = PBXBuildFile; fileRef = F8A990001F749AB300C2592B /* GQGesVCTransition.m */; };
		F8A990081F74A5F300C2592B /* UIBarButtonItem+LBBarButtonItem.m in Sources */ = {isa = PBXBuildFile; fileRef = F8A990071F74A5F300C2592B /* UIBarButtonItem+LBBarButtonItem.m */; };
		F8A990311F74A71300C2592B /* CodeScan.bundle in Resources */ = {isa = PBXBuildFile; fileRef = F8A9900A1F74A71300C2592B /* CodeScan.bundle */; };
		F8A990321F74A71300C2592B /* LBXScanLineAnimation.m in Sources */ = {isa = PBXBuildFile; fileRef = F8A9900D1F74A71300C2592B /* LBXScanLineAnimation.m */; };
		F8A990331F74A71300C2592B /* LBXScanNative.m in Sources */ = {isa = PBXBuildFile; fileRef = F8A9900F1F74A71300C2592B /* LBXScanNative.m */; };
		F8A990341F74A71300C2592B /* LBXScanNetAnimation.m in Sources */ = {isa = PBXBuildFile; fileRef = F8A990111F74A71300C2592B /* LBXScanNetAnimation.m */; };
		F8A990351F74A71300C2592B /* LBXScanResult.m in Sources */ = {isa = PBXBuildFile; fileRef = F8A990131F74A71300C2592B /* LBXScanResult.m */; };
		F8A990361F74A71300C2592B /* LBXScanVideoZoomView.m in Sources */ = {isa = PBXBuildFile; fileRef = F8A990151F74A71300C2592B /* LBXScanVideoZoomView.m */; };
		F8A990371F74A71300C2592B /* LBXScanView.m in Sources */ = {isa = PBXBuildFile; fileRef = F8A990171F74A71300C2592B /* LBXScanView.m */; };
		F8A990381F74A71300C2592B /* LBXScanViewController.m in Sources */ = {isa = PBXBuildFile; fileRef = F8A990191F74A71300C2592B /* LBXScanViewController.m */; };
		F8A990391F74A71300C2592B /* LBXScanViewStyle.m in Sources */ = {isa = PBXBuildFile; fileRef = F8A9901B1F74A71300C2592B /* LBXScanViewStyle.m */; };
		F8A9903A1F74A71300C2592B /* LBXScanWrapper.m in Sources */ = {isa = PBXBuildFile; fileRef = F8A9901D1F74A71300C2592B /* LBXScanWrapper.m */; };
		F8A9903B1F74A71300C2592B /* LBXZXCapture.m in Sources */ = {isa = PBXBuildFile; fileRef = F8A9901F1F74A71300C2592B /* LBXZXCapture.m */; };
		F8A9903C1F74A71300C2592B /* ZXingWrapper.m in Sources */ = {isa = PBXBuildFile; fileRef = F8A990221F74A71300C2592B /* ZXingWrapper.m */; };
		F8A9903D1F74A71300C2592B /* LBXAlertAction.m in Sources */ = {isa = PBXBuildFile; fileRef = F8A990251F74A71300C2592B /* LBXAlertAction.m */; };
		F8A9903E1F74A71300C2592B /* MyQRViewController.m in Sources */ = {isa = PBXBuildFile; fileRef = F8A990271F74A71300C2592B /* MyQRViewController.m */; };
		F8A9903F1F74A71300C2592B /* ScanResultViewController.m in Sources */ = {isa = PBXBuildFile; fileRef = F8A990291F74A71300C2592B /* ScanResultViewController.m */; };
		F8A990401F74A71300C2592B /* ScanResultViewController.xib in Resources */ = {isa = PBXBuildFile; fileRef = F8A9902A1F74A71300C2592B /* ScanResultViewController.xib */; };
		F8A990411F74A71300C2592B /* SubLBXScanViewController.m in Sources */ = {isa = PBXBuildFile; fileRef = F8A9902C1F74A71300C2592B /* SubLBXScanViewController.m */; };
		F8A990421F74A71300C2592B /* UIActionSheet+LBXAlertAction.m in Sources */ = {isa = PBXBuildFile; fileRef = F8A9902E1F74A71300C2592B /* UIActionSheet+LBXAlertAction.m */; };
		F8A990431F74A71300C2592B /* UIAlertView+LBXAlertAction.m in Sources */ = {isa = PBXBuildFile; fileRef = F8A990301F74A71300C2592B /* UIAlertView+LBXAlertAction.m */; };
		F8A990471F74A93300C2592B /* LBSMMessageController.m in Sources */ = {isa = PBXBuildFile; fileRef = F8A990461F74A93300C2592B /* LBSMMessageController.m */; };
		F8A9904B1F74AAE300C2592B /* LBSMMessageTableView.m in Sources */ = {isa = PBXBuildFile; fileRef = F8A9904A1F74AAE300C2592B /* LBSMMessageTableView.m */; };
		F8A9904E1F74AAF700C2592B /* LBSMMessageCell.m in Sources */ = {isa = PBXBuildFile; fileRef = F8A9904D1F74AAF700C2592B /* LBSMMessageCell.m */; };
		F8A990541F74ABA900C2592B /* LBSMMessageModel.m in Sources */ = {isa = PBXBuildFile; fileRef = F8A990531F74ABA900C2592B /* LBSMMessageModel.m */; };
		F8A9906F1F74AF3800C2592B /* ClasiftyGoods.plist in Resources */ = {isa = PBXBuildFile; fileRef = F8A990581F74AF3800C2592B /* ClasiftyGoods.plist */; };
		F8A990701F74AF3800C2592B /* ClassiftyGoods01.plist in Resources */ = {isa = PBXBuildFile; fileRef = F8A990591F74AF3800C2592B /* ClassiftyGoods01.plist */; };
		F8A990711F74AF3800C2592B /* ClassiftyGoods02.plist in Resources */ = {isa = PBXBuildFile; fileRef = F8A9905A1F74AF3800C2592B /* ClassiftyGoods02.plist */; };
		F8A990721F74AF3800C2592B /* ClassiftyGoods03.plist in Resources */ = {isa = PBXBuildFile; fileRef = F8A9905B1F74AF3800C2592B /* ClassiftyGoods03.plist */; };
		F8A990731F74AF3800C2592B /* ClassifyTitles.plist in Resources */ = {isa = PBXBuildFile; fileRef = F8A9905C1F74AF3800C2592B /* ClassifyTitles.plist */; };
		F8A990741F74AF3800C2592B /* DetailRecommend.plist in Resources */ = {isa = PBXBuildFile; fileRef = F8A9905D1F74AF3800C2592B /* DetailRecommend.plist */; };
		F8A990751F74AF3800C2592B /* FiltrateItem.plist in Resources */ = {isa = PBXBuildFile; fileRef = F8A9905E1F74AF3800C2592B /* FiltrateItem.plist */; };
		F8A990761F74AF3800C2592B /* FootprintGoods.plist in Resources */ = {isa = PBXBuildFile; fileRef = F8A9905F1F74AF3800C2592B /* FootprintGoods.plist */; };
		F8A990771F74AF3800C2592B /* shareTerrace.plist in Resources */ = {isa = PBXBuildFile; fileRef = F8A990601F74AF3800C2592B /* shareTerrace.plist */; };
		F8A990781F74AF3800C2592B /* ShopItem.plist in Resources */ = {isa = PBXBuildFile; fileRef = F8A990611F74AF3800C2592B /* ShopItem.plist */; };
		F8A990791F74AF3800C2592B /* CommentPic.plist in Resources */ = {isa = PBXBuildFile; fileRef = F8A990631F74AF3800C2592B /* CommentPic.plist */; };
		F8A9907A1F74AF3800C2592B /* DeliveryAdress.plist in Resources */ = {isa = PBXBuildFile; fileRef = F8A990641F74AF3800C2592B /* DeliveryAdress.plist */; };
		F8A9907B1F74AF3800C2592B /* MessageNote.plist in Resources */ = {isa = PBXBuildFile; fileRef = F8A990651F74AF3800C2592B /* MessageNote.plist */; };
		F8A9907C1F74AF3800C2592B /* MyBuyFlow.plist in Resources */ = {isa = PBXBuildFile; fileRef = F8A990661F74AF3800C2592B /* MyBuyFlow.plist */; };
		F8A9907D1F74AF3800C2592B /* MyRecreationFlow.plist in Resources */ = {isa = PBXBuildFile; fileRef = F8A990671F74AF3800C2592B /* MyRecreationFlow.plist */; };
		F8A9907E1F74AF3800C2592B /* YouLikeGoods.plist in Resources */ = {isa = PBXBuildFile; fileRef = F8A990681F74AF3800C2592B /* YouLikeGoods.plist */; };
		F8A9907F1F74AF3800C2592B /* RecommendShop.plist in Resources */ = {isa = PBXBuildFile; fileRef = F8A9906A1F74AF3800C2592B /* RecommendShop.plist */; };
		F8A990801F74AF3800C2592B /* CountDownShop.plist in Resources */ = {isa = PBXBuildFile; fileRef = F8A9906C1F74AF3800C2592B /* CountDownShop.plist */; };
		F8A990811F74AF3800C2592B /* GoodsGrid.plist in Resources */ = {isa = PBXBuildFile; fileRef = F8A9906D1F74AF3800C2592B /* GoodsGrid.plist */; };
		F8A990821F74AF3800C2592B /* HomeHighGoods.plist in Resources */ = {isa = PBXBuildFile; fileRef = F8A9906E1F74AF3800C2592B /* HomeHighGoods.plist */; };
		F8A9908C1F74E19E00C2592B /* LBSMSearchTextField.m in Sources */ = {isa = PBXBuildFile; fileRef = F8A9908B1F74E19E00C2592B /* LBSMSearchTextField.m */; };
		F8A990911F74FF2500C2592B /* LBSMHomeGrid.m in Sources */ = {isa = PBXBuildFile; fileRef = F8A990901F74FF2500C2592B /* LBSMHomeGrid.m */; };
		F8A9909F1F7510E300C2592B /* UIView+DCExtension.m in Sources */ = {isa = PBXBuildFile; fileRef = F8A9909E1F7510E300C2592B /* UIView+DCExtension.m */; };
		F8A990A31F75128200C2592B /* LBSMSlideshowHeadView.m in Sources */ = {isa = PBXBuildFile; fileRef = F8A990A21F75128200C2592B /* LBSMSlideshowHeadView.m */; };
		F8A990A61F7512C300C2592B /* LBSMTopFooterView.m in Sources */ = {isa = PBXBuildFile; fileRef = F8A990A51F7512C300C2592B /* LBSMTopFooterView.m */; };
		F8A990AA1F75146500C2592B /* DCNumericalScrollView.m in Sources */ = {isa = PBXBuildFile; fileRef = F8A990A91F75146500C2592B /* DCNumericalScrollView.m */; };
		F8A990B01F75181C00C2592B /* LBSMHaoHuoHeadView.m in Sources */ = {isa = PBXBuildFile; fileRef = F8A990AF1F75181C00C2592B /* LBSMHaoHuoHeadView.m */; };
		F8A990B31F751A6300C2592B /* LBSMHomeGridCell.m in Sources */ = {isa = PBXBuildFile; fileRef = F8A990B21F751A6300C2592B /* LBSMHomeGridCell.m */; };
		F8A990B61F751A9300C2592B /* LBSMHaoHuoCell.m in Sources */ = {isa = PBXBuildFile; fileRef = F8A990B51F751A9300C2592B /* LBSMHaoHuoCell.m */; };
		F8A990BE1F751ECD00C2592B /* LBSMHaoHuoGoodsCell.m in Sources */ = {isa = PBXBuildFile; fileRef = F8A990BD1F751ECD00C2592B /* LBSMHaoHuoGoodsCell.m */; };
		F8A990C11F75200100C2592B /* LBSMHaoHuoGoodsModel.m in Sources */ = {isa = PBXBuildFile; fileRef = F8A990C01F75200100C2592B /* LBSMHaoHuoGoodsModel.m */; };
		F8ABAF681F761C5900C75B82 /* LBSMHaoGoodsButton.m in Sources */ = {isa = PBXBuildFile; fileRef = F8ABAF671F761C5800C75B82 /* LBSMHaoGoodsButton.m */; };
		F8FBE66A1F7626ED000BF644 /* LBSMNeedLifeCell.m in Sources */ = {isa = PBXBuildFile; fileRef = F8FBE6691F7626ED000BF644 /* LBSMNeedLifeCell.m */; };
		F8FBE66D1F7628E8000BF644 /* LBSMNeedLifeGoodCell.m in Sources */ = {isa = PBXBuildFile; fileRef = F8FBE66C1F7628E8000BF644 /* LBSMNeedLifeGoodCell.m */; };
		F94E060C399C91F075D61321 /* libPods-LBStoreMall.a in Frameworks */ = {isa = PBXBuildFile; fileRef = A304A683BFA9B931C1ECDFC9 /* libPods-LBStoreMall.a */; };
/* End PBXBuildFile section */

/* Begin PBXContainerItemProxy section */
		3AFA7EC11F64546300CC1D2D /* PBXContainerItemProxy */ = {
			isa = PBXContainerItemProxy;
			containerPortal = 3AFA7E9F1F64546300CC1D2D /* Project object */;
			proxyType = 1;
			remoteGlobalIDString = 3AFA7EA61F64546300CC1D2D;
			remoteInfo = LBStoreMall;
		};
		3AFA7ECC1F64546300CC1D2D /* PBXContainerItemProxy */ = {
			isa = PBXContainerItemProxy;
			containerPortal = 3AFA7E9F1F64546300CC1D2D /* Project object */;
			proxyType = 1;
			remoteGlobalIDString = 3AFA7EA61F64546300CC1D2D;
			remoteInfo = LBStoreMall;
		};
/* End PBXContainerItemProxy section */

/* Begin PBXFileReference section */
		2C461B054A4E5F8BBDCB051A /* Pods-LBStoreMall.debug.xcconfig */ = {isa = PBXFileReference; includeInIndex = 1; lastKnownFileType = text.xcconfig; name = "Pods-LBStoreMall.debug.xcconfig"; path = "Pods/Target Support Files/Pods-LBStoreMall/Pods-LBStoreMall.debug.xcconfig"; sourceTree = "<group>"; };
		3A7172311F77506500CA244C /* LBSMScrollAdFootView.h */ = {isa = PBXFileReference; fileEncoding = 4; lastKnownFileType = sourcecode.c.h; path = LBSMScrollAdFootView.h; sourceTree = "<group>"; };
		3A7172321F77506500CA244C /* LBSMScrollAdFootView.m */ = {isa = PBXFileReference; fileEncoding = 4; lastKnownFileType = sourcecode.c.objc; path = LBSMScrollAdFootView.m; sourceTree = "<group>"; };
		3A7172361F7753E300CA244C /* LBSMPinPaiJingXuanCell.h */ = {isa = PBXFileReference; fileEncoding = 4; lastKnownFileType = sourcecode.c.h; path = LBSMPinPaiJingXuanCell.h; sourceTree = "<group>"; };
		3A7172371F7753E300CA244C /* LBSMPinPaiJingXuanCell.m */ = {isa = PBXFileReference; fileEncoding = 4; lastKnownFileType = sourcecode.c.objc; path = LBSMPinPaiJingXuanCell.m; sourceTree = "<group>"; };
		3A7172391F77646B00CA244C /* LBSMPinPaiHeaderView.h */ = {isa = PBXFileReference; fileEncoding = 4; lastKnownFileType = sourcecode.c.h; path = LBSMPinPaiHeaderView.h; sourceTree = "<group>"; };
		3A71723A1F77646B00CA244C /* LBSMPinPaiHeaderView.m */ = {isa = PBXFileReference; fileEncoding = 4; lastKnownFileType = sourcecode.c.objc; path = LBSMPinPaiHeaderView.m; sourceTree = "<group>"; };
		3A71723C1F77709600CA244C /* LBSMPinPaiButton.h */ = {isa = PBXFileReference; fileEncoding = 4; lastKnownFileType = sourcecode.c.h; path = LBSMPinPaiButton.h; sourceTree = "<group>"; };
		3A71723D1F77709600CA244C /* LBSMPinPaiButton.m */ = {isa = PBXFileReference; fileEncoding = 4; lastKnownFileType = sourcecode.c.objc; path = LBSMPinPaiButton.m; sourceTree = "<group>"; };
		3A71723F1F77731F00CA244C /* LBSMHotCommendHeadView.h */ = {isa = PBXFileReference; fileEncoding = 4; lastKnownFileType = sourcecode.c.h; path = LBSMHotCommendHeadView.h; sourceTree = "<group>"; };
		3A7172401F77731F00CA244C /* LBSMHotCommendHeadView.m */ = {isa = PBXFileReference; fileEncoding = 4; lastKnownFileType = sourcecode.c.objc; path = LBSMHotCommendHeadView.m; sourceTree = "<group>"; };
		3A7172421F77745300CA244C /* LBSMHotCommendFootView.h */ = {isa = PBXFileReference; fileEncoding = 4; lastKnownFileType = sourcecode.c.h; path = LBSMHotCommendFootView.h; sourceTree = "<group>"; };
		3A7172431F77745300CA244C /* LBSMHotCommendFootView.m */ = {isa = PBXFileReference; fileEncoding = 4; lastKnownFileType = sourcecode.c.objc; path = LBSMHotCommendFootView.m; sourceTree = "<group>"; };
		3A7172451F7776E700CA244C /* LBSMHotCommendCell.h */ = {isa = PBXFileReference; fileEncoding = 4; lastKnownFileType = sourcecode.c.h; path = LBSMHotCommendCell.h; sourceTree = "<group>"; };
		3A7172461F7776E700CA244C /* LBSMHotCommendCell.m */ = {isa = PBXFileReference; fileEncoding = 4; lastKnownFileType = sourcecode.c.objc; path = LBSMHotCommendCell.m; sourceTree = "<group>"; };
		3A7172481F77776E00CA244C /* LBSMHotCommend.h */ = {isa = PBXFileReference; fileEncoding = 4; lastKnownFileType = sourcecode.c.h; path = LBSMHotCommend.h; sourceTree = "<group>"; };
		3A7172491F77776E00CA244C /* LBSMHotCommend.m */ = {isa = PBXFileReference; fileEncoding = 4; lastKnownFileType = sourcecode.c.objc; path = LBSMHotCommend.m; sourceTree = "<group>"; };
		3A71724B1F777CD800CA244C /* Foundation+Log.m */ = {isa = PBXFileReference; fileEncoding = 4; lastKnownFileType = sourcecode.c.objc; path = "Foundation+Log.m"; sourceTree = "<group>"; };
		3A71724D1F777CD800CA244C /* DCSpeedy.h */ = {isa = PBXFileReference; fileEncoding = 4; lastKnownFileType = sourcecode.c.h; path = DCSpeedy.h; sourceTree = "<group>"; };
		3A71724E1F777CD800CA244C /* DCSpeedy.m */ = {isa = PBXFileReference; fileEncoding = 4; lastKnownFileType = sourcecode.c.objc; path = DCSpeedy.m; sourceTree = "<group>"; };
		3A7172511F777D5900CA244C /* PingFang Medium.ttf */ = {isa = PBXFileReference; lastKnownFileType = file; path = "PingFang Medium.ttf"; sourceTree = "<group>"; };
		3A7172531F77837900CA244C /* LBSMGoodsSetController.h */ = {isa = PBXFileReference; fileEncoding = 4; lastKnownFileType = sourcecode.c.h; path = LBSMGoodsSetController.h; sourceTree = "<group>"; };
		3A7172541F77837900CA244C /* LBSMGoodsSetController.m */ = {isa = PBXFileReference; fileEncoding = 4; lastKnownFileType = sourcecode.c.objc; path = LBSMGoodsSetController.m; sourceTree = "<group>"; };
		3AA90C411F651B2B00048C39 /* CZAdditions.h */ = {isa = PBXFileReference; fileEncoding = 4; lastKnownFileType = sourcecode.c.h; path = CZAdditions.h; sourceTree = "<group>"; };
		3AA90C421F651B2B00048C39 /* NSArray+Log.h */ = {isa = PBXFileReference; fileEncoding = 4; lastKnownFileType = sourcecode.c.h; path = "NSArray+Log.h"; sourceTree = "<group>"; };
		3AA90C431F651B2B00048C39 /* NSArray+Log.m */ = {isa = PBXFileReference; fileEncoding = 4; lastKnownFileType = sourcecode.c.objc; path = "NSArray+Log.m"; sourceTree = "<group>"; };
		3AA90C441F651B2B00048C39 /* NSAttributedString+CZAdditon.h */ = {isa = PBXFileReference; fileEncoding = 4; lastKnownFileType = sourcecode.c.h; path = "NSAttributedString+CZAdditon.h"; sourceTree = "<group>"; };
		3AA90C451F651B2B00048C39 /* NSAttributedString+CZAdditon.m */ = {isa = PBXFileReference; fileEncoding = 4; lastKnownFileType = sourcecode.c.objc; path = "NSAttributedString+CZAdditon.m"; sourceTree = "<group>"; };
		3AA90C461F651B2B00048C39 /* NSObject+CZRuntime.h */ = {isa = PBXFileReference; fileEncoding = 4; lastKnownFileType = sourcecode.c.h; path = "NSObject+CZRuntime.h"; sourceTree = "<group>"; };
		3AA90C471F651B2B00048C39 /* NSObject+CZRuntime.m */ = {isa = PBXFileReference; fileEncoding = 4; lastKnownFileType = sourcecode.c.objc; path = "NSObject+CZRuntime.m"; sourceTree = "<group>"; };
		3AA90C481F651B2B00048C39 /* NSString+CZBase64.h */ = {isa = PBXFileReference; fileEncoding = 4; lastKnownFileType = sourcecode.c.h; path = "NSString+CZBase64.h"; sourceTree = "<group>"; };
		3AA90C491F651B2B00048C39 /* NSString+CZBase64.m */ = {isa = PBXFileReference; fileEncoding = 4; lastKnownFileType = sourcecode.c.objc; path = "NSString+CZBase64.m"; sourceTree = "<group>"; };
		3AA90C4A1F651B2B00048C39 /* NSString+CZHash.h */ = {isa = PBXFileReference; fileEncoding = 4; lastKnownFileType = sourcecode.c.h; path = "NSString+CZHash.h"; sourceTree = "<group>"; };
		3AA90C4B1F651B2B00048C39 /* NSString+CZHash.m */ = {isa = PBXFileReference; fileEncoding = 4; lastKnownFileType = sourcecode.c.objc; path = "NSString+CZHash.m"; sourceTree = "<group>"; };
		3AA90C4C1F651B2B00048C39 /* NSString+CZPath.h */ = {isa = PBXFileReference; fileEncoding = 4; lastKnownFileType = sourcecode.c.h; path = "NSString+CZPath.h"; sourceTree = "<group>"; };
		3AA90C4D1F651B2B00048C39 /* NSString+CZPath.m */ = {isa = PBXFileReference; fileEncoding = 4; lastKnownFileType = sourcecode.c.objc; path = "NSString+CZPath.m"; sourceTree = "<group>"; };
		3AA90C4E1F651B2B00048C39 /* UIButton+CZAddition.h */ = {isa = PBXFileReference; fileEncoding = 4; lastKnownFileType = sourcecode.c.h; path = "UIButton+CZAddition.h"; sourceTree = "<group>"; };
		3AA90C4F1F651B2B00048C39 /* UIButton+CZAddition.m */ = {isa = PBXFileReference; fileEncoding = 4; lastKnownFileType = sourcecode.c.objc; path = "UIButton+CZAddition.m"; sourceTree = "<group>"; };
		3AA90C501F651B2B00048C39 /* UIColor+CZAddition.h */ = {isa = PBXFileReference; fileEncoding = 4; lastKnownFileType = sourcecode.c.h; path = "UIColor+CZAddition.h"; sourceTree = "<group>"; };
		3AA90C511F651B2B00048C39 /* UIColor+CZAddition.m */ = {isa = PBXFileReference; fileEncoding = 4; lastKnownFileType = sourcecode.c.objc; path = "UIColor+CZAddition.m"; sourceTree = "<group>"; };
		3AA90C521F651B2B00048C39 /* UILabel+CZAddition.h */ = {isa = PBXFileReference; fileEncoding = 4; lastKnownFileType = sourcecode.c.h; path = "UILabel+CZAddition.h"; sourceTree = "<group>"; };
		3AA90C531F651B2B00048C39 /* UILabel+CZAddition.m */ = {isa = PBXFileReference; fileEncoding = 4; lastKnownFileType = sourcecode.c.objc; path = "UILabel+CZAddition.m"; sourceTree = "<group>"; };
		3AA90C541F651B2B00048C39 /* UIScreen+CZAddition.h */ = {isa = PBXFileReference; fileEncoding = 4; lastKnownFileType = sourcecode.c.h; path = "UIScreen+CZAddition.h"; sourceTree = "<group>"; };
		3AA90C551F651B2B00048C39 /* UIScreen+CZAddition.m */ = {isa = PBXFileReference; fileEncoding = 4; lastKnownFileType = sourcecode.c.objc; path = "UIScreen+CZAddition.m"; sourceTree = "<group>"; };
		3AA90C561F651B2B00048C39 /* UIView+CZAddition.h */ = {isa = PBXFileReference; fileEncoding = 4; lastKnownFileType = sourcecode.c.h; path = "UIView+CZAddition.h"; sourceTree = "<group>"; };
		3AA90C571F651B2B00048C39 /* UIView+CZAddition.m */ = {isa = PBXFileReference; fileEncoding = 4; lastKnownFileType = sourcecode.c.objc; path = "UIView+CZAddition.m"; sourceTree = "<group>"; };
		3AA90C581F651B2B00048C39 /* UIViewController+CZAddition.h */ = {isa = PBXFileReference; fileEncoding = 4; lastKnownFileType = sourcecode.c.h; path = "UIViewController+CZAddition.h"; sourceTree = "<group>"; };
		3AA90C591F651B2B00048C39 /* UIViewController+CZAddition.m */ = {isa = PBXFileReference; fileEncoding = 4; lastKnownFileType = sourcecode.c.objc; path = "UIViewController+CZAddition.m"; sourceTree = "<group>"; };
		3AA90C661F651B5600048C39 /* LBSMHeader.h */ = {isa = PBXFileReference; fileEncoding = 4; lastKnownFileType = sourcecode.c.h; path = LBSMHeader.h; sourceTree = "<group>"; };
		3AA90C671F651B7500048C39 /* LBSMPrefixHeader.pch */ = {isa = PBXFileReference; fileEncoding = 4; lastKnownFileType = sourcecode.c.h; path = LBSMPrefixHeader.pch; sourceTree = "<group>"; };
		3AA90C681F651CB900048C39 /* AppDelegate.h */ = {isa = PBXFileReference; fileEncoding = 4; lastKnownFileType = sourcecode.c.h; path = AppDelegate.h; sourceTree = "<group>"; };
		3AA90C691F651CB900048C39 /* AppDelegate.m */ = {isa = PBXFileReference; fileEncoding = 4; lastKnownFileType = sourcecode.c.objc; path = AppDelegate.m; sourceTree = "<group>"; };
		3AA90C6C1F651D2100048C39 /* LBSMTabBarController.h */ = {isa = PBXFileReference; fileEncoding = 4; lastKnownFileType = sourcecode.c.h; path = LBSMTabBarController.h; sourceTree = "<group>"; };
		3AA90C6D1F651D2100048C39 /* LBSMTabBarController.m */ = {isa = PBXFileReference; fileEncoding = 4; lastKnownFileType = sourcecode.c.objc; path = LBSMTabBarController.m; sourceTree = "<group>"; };
		3AF2C9DD1F7BF82C00A5B701 /* LBSMGoodListCommend.h */ = {isa = PBXFileReference; fileEncoding = 4; lastKnownFileType = sourcecode.c.h; path = LBSMGoodListCommend.h; sourceTree = "<group>"; };
		3AF2C9DE1F7BF82C00A5B701 /* LBSMGoodListCommend.m */ = {isa = PBXFileReference; fileEncoding = 4; lastKnownFileType = sourcecode.c.objc; path = LBSMGoodListCommend.m; sourceTree = "<group>"; };
		3AF2C9E11F7BFC3A00A5B701 /* LBSMGoodListCollectionCell.h */ = {isa = PBXFileReference; fileEncoding = 4; lastKnownFileType = sourcecode.c.h; path = LBSMGoodListCollectionCell.h; sourceTree = "<group>"; };
		3AF2C9E21F7BFC3A00A5B701 /* LBSMGoodListCollectionCell.m */ = {isa = PBXFileReference; fileEncoding = 4; lastKnownFileType = sourcecode.c.objc; path = LBSMGoodListCollectionCell.m; sourceTree = "<group>"; };
		3AF2C9E41F7BFC4E00A5B701 /* LBSMGoodGridCollectionCell.h */ = {isa = PBXFileReference; fileEncoding = 4; lastKnownFileType = sourcecode.c.h; path = LBSMGoodGridCollectionCell.h; sourceTree = "<group>"; };
		3AF2C9E51F7BFC4E00A5B701 /* LBSMGoodGridCollectionCell.m */ = {isa = PBXFileReference; fileEncoding = 4; lastKnownFileType = sourcecode.c.objc; path = LBSMGoodGridCollectionCell.m; sourceTree = "<group>"; };
		3AFA7EA71F64546300CC1D2D /* LBStoreMall.app */ = {isa = PBXFileReference; explicitFileType = wrapper.application; includeInIndex = 0; path = LBStoreMall.app; sourceTree = BUILT_PRODUCTS_DIR; };
		3AFA7EAB1F64546300CC1D2D /* main.m */ = {isa = PBXFileReference; lastKnownFileType = sourcecode.c.objc; path = main.m; sourceTree = "<group>"; };
		3AFA7EB61F64546300CC1D2D /* Assets.xcassets */ = {isa = PBXFileReference; lastKnownFileType = folder.assetcatalog; path = Assets.xcassets; sourceTree = "<group>"; };
		3AFA7EB91F64546300CC1D2D /* Base */ = {isa = PBXFileReference; lastKnownFileType = file.storyboard; name = Base; path = Base.lproj/LaunchScreen.storyboard; sourceTree = "<group>"; };
		3AFA7EBB1F64546300CC1D2D /* Info.plist */ = {isa = PBXFileReference; lastKnownFileType = text.plist.xml; path = Info.plist; sourceTree = "<group>"; };
		3AFA7EC01F64546300CC1D2D /* LBStoreMallTests.xctest */ = {isa = PBXFileReference; explicitFileType = wrapper.cfbundle; includeInIndex = 0; path = LBStoreMallTests.xctest; sourceTree = BUILT_PRODUCTS_DIR; };
		3AFA7EC41F64546300CC1D2D /* LBStoreMallTests.m */ = {isa = PBXFileReference; lastKnownFileType = sourcecode.c.objc; path = LBStoreMallTests.m; sourceTree = "<group>"; };
		3AFA7EC61F64546300CC1D2D /* Info.plist */ = {isa = PBXFileReference; lastKnownFileType = text.plist.xml; path = Info.plist; sourceTree = "<group>"; };
		3AFA7ECB1F64546300CC1D2D /* LBStoreMallUITests.xctest */ = {isa = PBXFileReference; explicitFileType = wrapper.cfbundle; includeInIndex = 0; path = LBStoreMallUITests.xctest; sourceTree = BUILT_PRODUCTS_DIR; };
		3AFA7ECF1F64546300CC1D2D /* LBStoreMallUITests.m */ = {isa = PBXFileReference; lastKnownFileType = sourcecode.c.objc; path = LBStoreMallUITests.m; sourceTree = "<group>"; };
		3AFA7ED11F64546300CC1D2D /* Info.plist */ = {isa = PBXFileReference; lastKnownFileType = text.plist.xml; path = Info.plist; sourceTree = "<group>"; };
		6E447257B58F99E197A98854 /* Pods-LBStoreMall.release.xcconfig */ = {isa = PBXFileReference; includeInIndex = 1; lastKnownFileType = text.xcconfig; name = "Pods-LBStoreMall.release.xcconfig"; path = "Pods/Target Support Files/Pods-LBStoreMall/Pods-LBStoreMall.release.xcconfig"; sourceTree = "<group>"; };
		A304A683BFA9B931C1ECDFC9 /* libPods-LBStoreMall.a */ = {isa = PBXFileReference; explicitFileType = archive.ar; includeInIndex = 0; path = "libPods-LBStoreMall.a"; sourceTree = BUILT_PRODUCTS_DIR; };
		F87B43BD1F678726005ED2BC /* LBSMNavController.h */ = {isa = PBXFileReference; fileEncoding = 4; lastKnownFileType = sourcecode.c.h; path = LBSMNavController.h; sourceTree = "<group>"; };
		F87B43BE1F678726005ED2BC /* LBSMNavController.m */ = {isa = PBXFileReference; fileEncoding = 4; lastKnownFileType = sourcecode.c.objc; path = LBSMNavController.m; sourceTree = "<group>"; };
		F87B43C51F678BEE005ED2BC /* LBSMTabBar.h */ = {isa = PBXFileReference; fileEncoding = 4; lastKnownFileType = sourcecode.c.h; path = LBSMTabBar.h; sourceTree = "<group>"; };
		F87B43C61F678BEE005ED2BC /* LBSMTabBar.m */ = {isa = PBXFileReference; fileEncoding = 4; lastKnownFileType = sourcecode.c.objc; path = LBSMTabBar.m; sourceTree = "<group>"; };
		F87B43CC1F67D541005ED2BC /* LBSMClassifyController.h */ = {isa = PBXFileReference; fileEncoding = 4; lastKnownFileType = sourcecode.c.h; path = LBSMClassifyController.h; sourceTree = "<group>"; };
		F87B43CD1F67D541005ED2BC /* LBSMClassifyController.m */ = {isa = PBXFileReference; fileEncoding = 4; lastKnownFileType = sourcecode.c.objc; path = LBSMClassifyController.m; sourceTree = "<group>"; };
		F87B43CF1F67D55C005ED2BC /* LBSMHomeController.h */ = {isa = PBXFileReference; fileEncoding = 4; lastKnownFileType = sourcecode.c.h; path = LBSMHomeController.h; sourceTree = "<group>"; };
		F87B43D01F67D55C005ED2BC /* LBSMHomeController.m */ = {isa = PBXFileReference; fileEncoding = 4; lastKnownFileType = sourcecode.c.objc; path = LBSMHomeController.m; sourceTree = "<group>"; };
		F87B43D21F67D56A005ED2BC /* LBSMMineController.h */ = {isa = PBXFileReference; fileEncoding = 4; lastKnownFileType = sourcecode.c.h; path = LBSMMineController.h; sourceTree = "<group>"; };
		F87B43D31F67D56A005ED2BC /* LBSMMineController.m */ = {isa = PBXFileReference; fileEncoding = 4; lastKnownFileType = sourcecode.c.objc; path = LBSMMineController.m; sourceTree = "<group>"; };
		F87B43D51F67D57C005ED2BC /* LBSMShopController.h */ = {isa = PBXFileReference; fileEncoding = 4; lastKnownFileType = sourcecode.c.h; path = LBSMShopController.h; sourceTree = "<group>"; };
		F87B43D61F67D57C005ED2BC /* LBSMShopController.m */ = {isa = PBXFileReference; fileEncoding = 4; lastKnownFileType = sourcecode.c.objc; path = LBSMShopController.m; sourceTree = "<group>"; };
		F8A98FFF1F749AB300C2592B /* GQGesVCTransition.h */ = {isa = PBXFileReference; fileEncoding = 4; lastKnownFileType = sourcecode.c.h; path = GQGesVCTransition.h; sourceTree = "<group>"; };
		F8A990001F749AB300C2592B /* GQGesVCTransition.m */ = {isa = PBXFileReference; fileEncoding = 4; lastKnownFileType = sourcecode.c.objc; path = GQGesVCTransition.m; sourceTree = "<group>"; };
		F8A990061F74A5F300C2592B /* UIBarButtonItem+LBBarButtonItem.h */ = {isa = PBXFileReference; fileEncoding = 4; lastKnownFileType = sourcecode.c.h; path = "UIBarButtonItem+LBBarButtonItem.h"; sourceTree = "<group>"; };
		F8A990071F74A5F300C2592B /* UIBarButtonItem+LBBarButtonItem.m */ = {isa = PBXFileReference; fileEncoding = 4; lastKnownFileType = sourcecode.c.objc; path = "UIBarButtonItem+LBBarButtonItem.m"; sourceTree = "<group>"; };
		F8A9900A1F74A71300C2592B /* CodeScan.bundle */ = {isa = PBXFileReference; lastKnownFileType = "wrapper.plug-in"; path = CodeScan.bundle; sourceTree = "<group>"; };
		F8A9900C1F74A71300C2592B /* LBXScanLineAnimation.h */ = {isa = PBXFileReference; fileEncoding = 4; lastKnownFileType = sourcecode.c.h; path = LBXScanLineAnimation.h; sourceTree = "<group>"; };
		F8A9900D1F74A71300C2592B /* LBXScanLineAnimation.m */ = {isa = PBXFileReference; fileEncoding = 4; lastKnownFileType = sourcecode.c.objc; path = LBXScanLineAnimation.m; sourceTree = "<group>"; };
		F8A9900E1F74A71300C2592B /* LBXScanNative.h */ = {isa = PBXFileReference; fileEncoding = 4; lastKnownFileType = sourcecode.c.h; path = LBXScanNative.h; sourceTree = "<group>"; };
		F8A9900F1F74A71300C2592B /* LBXScanNative.m */ = {isa = PBXFileReference; fileEncoding = 4; lastKnownFileType = sourcecode.c.objc; path = LBXScanNative.m; sourceTree = "<group>"; };
		F8A990101F74A71300C2592B /* LBXScanNetAnimation.h */ = {isa = PBXFileReference; fileEncoding = 4; lastKnownFileType = sourcecode.c.h; path = LBXScanNetAnimation.h; sourceTree = "<group>"; };
		F8A990111F74A71300C2592B /* LBXScanNetAnimation.m */ = {isa = PBXFileReference; fileEncoding = 4; lastKnownFileType = sourcecode.c.objc; path = LBXScanNetAnimation.m; sourceTree = "<group>"; };
		F8A990121F74A71300C2592B /* LBXScanResult.h */ = {isa = PBXFileReference; fileEncoding = 4; lastKnownFileType = sourcecode.c.h; path = LBXScanResult.h; sourceTree = "<group>"; };
		F8A990131F74A71300C2592B /* LBXScanResult.m */ = {isa = PBXFileReference; fileEncoding = 4; lastKnownFileType = sourcecode.c.objc; path = LBXScanResult.m; sourceTree = "<group>"; };
		F8A990141F74A71300C2592B /* LBXScanVideoZoomView.h */ = {isa = PBXFileReference; fileEncoding = 4; lastKnownFileType = sourcecode.c.h; path = LBXScanVideoZoomView.h; sourceTree = "<group>"; };
		F8A990151F74A71300C2592B /* LBXScanVideoZoomView.m */ = {isa = PBXFileReference; fileEncoding = 4; lastKnownFileType = sourcecode.c.objc; path = LBXScanVideoZoomView.m; sourceTree = "<group>"; };
		F8A990161F74A71300C2592B /* LBXScanView.h */ = {isa = PBXFileReference; fileEncoding = 4; lastKnownFileType = sourcecode.c.h; path = LBXScanView.h; sourceTree = "<group>"; };
		F8A990171F74A71300C2592B /* LBXScanView.m */ = {isa = PBXFileReference; fileEncoding = 4; lastKnownFileType = sourcecode.c.objc; path = LBXScanView.m; sourceTree = "<group>"; };
		F8A990181F74A71300C2592B /* LBXScanViewController.h */ = {isa = PBXFileReference; fileEncoding = 4; lastKnownFileType = sourcecode.c.h; path = LBXScanViewController.h; sourceTree = "<group>"; };
		F8A990191F74A71300C2592B /* LBXScanViewController.m */ = {isa = PBXFileReference; fileEncoding = 4; lastKnownFileType = sourcecode.c.objc; path = LBXScanViewController.m; sourceTree = "<group>"; };
		F8A9901A1F74A71300C2592B /* LBXScanViewStyle.h */ = {isa = PBXFileReference; fileEncoding = 4; lastKnownFileType = sourcecode.c.h; path = LBXScanViewStyle.h; sourceTree = "<group>"; };
		F8A9901B1F74A71300C2592B /* LBXScanViewStyle.m */ = {isa = PBXFileReference; fileEncoding = 4; lastKnownFileType = sourcecode.c.objc; path = LBXScanViewStyle.m; sourceTree = "<group>"; };
		F8A9901C1F74A71300C2592B /* LBXScanWrapper.h */ = {isa = PBXFileReference; fileEncoding = 4; lastKnownFileType = sourcecode.c.h; path = LBXScanWrapper.h; sourceTree = "<group>"; };
		F8A9901D1F74A71300C2592B /* LBXScanWrapper.m */ = {isa = PBXFileReference; fileEncoding = 4; lastKnownFileType = sourcecode.c.objc; path = LBXScanWrapper.m; sourceTree = "<group>"; };
		F8A9901E1F74A71300C2592B /* LBXZXCapture.h */ = {isa = PBXFileReference; fileEncoding = 4; lastKnownFileType = sourcecode.c.h; path = LBXZXCapture.h; sourceTree = "<group>"; };
		F8A9901F1F74A71300C2592B /* LBXZXCapture.m */ = {isa = PBXFileReference; fileEncoding = 4; lastKnownFileType = sourcecode.c.objc; path = LBXZXCapture.m; sourceTree = "<group>"; };
		F8A990201F74A71300C2592B /* LBXZXCaptureDelegate.h */ = {isa = PBXFileReference; fileEncoding = 4; lastKnownFileType = sourcecode.c.h; path = LBXZXCaptureDelegate.h; sourceTree = "<group>"; };
		F8A990211F74A71300C2592B /* ZXingWrapper.h */ = {isa = PBXFileReference; fileEncoding = 4; lastKnownFileType = sourcecode.c.h; path = ZXingWrapper.h; sourceTree = "<group>"; };
		F8A990221F74A71300C2592B /* ZXingWrapper.m */ = {isa = PBXFileReference; fileEncoding = 4; lastKnownFileType = sourcecode.c.objc; path = ZXingWrapper.m; sourceTree = "<group>"; };
		F8A990241F74A71300C2592B /* LBXAlertAction.h */ = {isa = PBXFileReference; fileEncoding = 4; lastKnownFileType = sourcecode.c.h; path = LBXAlertAction.h; sourceTree = "<group>"; };
		F8A990251F74A71300C2592B /* LBXAlertAction.m */ = {isa = PBXFileReference; fileEncoding = 4; lastKnownFileType = sourcecode.c.objc; path = LBXAlertAction.m; sourceTree = "<group>"; };
		F8A990261F74A71300C2592B /* MyQRViewController.h */ = {isa = PBXFileReference; fileEncoding = 4; lastKnownFileType = sourcecode.c.h; path = MyQRViewController.h; sourceTree = "<group>"; };
		F8A990271F74A71300C2592B /* MyQRViewController.m */ = {isa = PBXFileReference; fileEncoding = 4; lastKnownFileType = sourcecode.c.objc; path = MyQRViewController.m; sourceTree = "<group>"; };
		F8A990281F74A71300C2592B /* ScanResultViewController.h */ = {isa = PBXFileReference; fileEncoding = 4; lastKnownFileType = sourcecode.c.h; path = ScanResultViewController.h; sourceTree = "<group>"; };
		F8A990291F74A71300C2592B /* ScanResultViewController.m */ = {isa = PBXFileReference; fileEncoding = 4; lastKnownFileType = sourcecode.c.objc; path = ScanResultViewController.m; sourceTree = "<group>"; };
		F8A9902A1F74A71300C2592B /* ScanResultViewController.xib */ = {isa = PBXFileReference; fileEncoding = 4; lastKnownFileType = file.xib; path = ScanResultViewController.xib; sourceTree = "<group>"; };
		F8A9902B1F74A71300C2592B /* SubLBXScanViewController.h */ = {isa = PBXFileReference; fileEncoding = 4; lastKnownFileType = sourcecode.c.h; path = SubLBXScanViewController.h; sourceTree = "<group>"; };
		F8A9902C1F74A71300C2592B /* SubLBXScanViewController.m */ = {isa = PBXFileReference; fileEncoding = 4; lastKnownFileType = sourcecode.c.objc; path = SubLBXScanViewController.m; sourceTree = "<group>"; };
		F8A9902D1F74A71300C2592B /* UIActionSheet+LBXAlertAction.h */ = {isa = PBXFileReference; fileEncoding = 4; lastKnownFileType = sourcecode.c.h; path = "UIActionSheet+LBXAlertAction.h"; sourceTree = "<group>"; };
		F8A9902E1F74A71300C2592B /* UIActionSheet+LBXAlertAction.m */ = {isa = PBXFileReference; fileEncoding = 4; lastKnownFileType = sourcecode.c.objc; path = "UIActionSheet+LBXAlertAction.m"; sourceTree = "<group>"; };
		F8A9902F1F74A71300C2592B /* UIAlertView+LBXAlertAction.h */ = {isa = PBXFileReference; fileEncoding = 4; lastKnownFileType = sourcecode.c.h; path = "UIAlertView+LBXAlertAction.h"; sourceTree = "<group>"; };
		F8A990301F74A71300C2592B /* UIAlertView+LBXAlertAction.m */ = {isa = PBXFileReference; fileEncoding = 4; lastKnownFileType = sourcecode.c.objc; path = "UIAlertView+LBXAlertAction.m"; sourceTree = "<group>"; };
		F8A990451F74A93300C2592B /* LBSMMessageController.h */ = {isa = PBXFileReference; fileEncoding = 4; lastKnownFileType = sourcecode.c.h; path = LBSMMessageController.h; sourceTree = "<group>"; };
		F8A990461F74A93300C2592B /* LBSMMessageController.m */ = {isa = PBXFileReference; fileEncoding = 4; lastKnownFileType = sourcecode.c.objc; path = LBSMMessageController.m; sourceTree = "<group>"; };
		F8A990491F74AAE300C2592B /* LBSMMessageTableView.h */ = {isa = PBXFileReference; fileEncoding = 4; lastKnownFileType = sourcecode.c.h; path = LBSMMessageTableView.h; sourceTree = "<group>"; };
		F8A9904A1F74AAE300C2592B /* LBSMMessageTableView.m */ = {isa = PBXFileReference; fileEncoding = 4; lastKnownFileType = sourcecode.c.objc; path = LBSMMessageTableView.m; sourceTree = "<group>"; };
		F8A9904C1F74AAF700C2592B /* LBSMMessageCell.h */ = {isa = PBXFileReference; fileEncoding = 4; lastKnownFileType = sourcecode.c.h; path = LBSMMessageCell.h; sourceTree = "<group>"; };
		F8A9904D1F74AAF700C2592B /* LBSMMessageCell.m */ = {isa = PBXFileReference; fileEncoding = 4; lastKnownFileType = sourcecode.c.objc; path = LBSMMessageCell.m; sourceTree = "<group>"; };
		F8A990521F74ABA900C2592B /* LBSMMessageModel.h */ = {isa = PBXFileReference; fileEncoding = 4; lastKnownFileType = sourcecode.c.h; path = LBSMMessageModel.h; sourceTree = "<group>"; };
		F8A990531F74ABA900C2592B /* LBSMMessageModel.m */ = {isa = PBXFileReference; fileEncoding = 4; lastKnownFileType = sourcecode.c.objc; path = LBSMMessageModel.m; sourceTree = "<group>"; };
		F8A990581F74AF3800C2592B /* ClasiftyGoods.plist */ = {isa = PBXFileReference; fileEncoding = 4; lastKnownFileType = text.plist.xml; path = ClasiftyGoods.plist; sourceTree = "<group>"; };
		F8A990591F74AF3800C2592B /* ClassiftyGoods01.plist */ = {isa = PBXFileReference; fileEncoding = 4; lastKnownFileType = text.plist.xml; path = ClassiftyGoods01.plist; sourceTree = "<group>"; };
		F8A9905A1F74AF3800C2592B /* ClassiftyGoods02.plist */ = {isa = PBXFileReference; fileEncoding = 4; lastKnownFileType = text.plist.xml; path = ClassiftyGoods02.plist; sourceTree = "<group>"; };
		F8A9905B1F74AF3800C2592B /* ClassiftyGoods03.plist */ = {isa = PBXFileReference; fileEncoding = 4; lastKnownFileType = text.plist.xml; path = ClassiftyGoods03.plist; sourceTree = "<group>"; };
		F8A9905C1F74AF3800C2592B /* ClassifyTitles.plist */ = {isa = PBXFileReference; fileEncoding = 4; lastKnownFileType = text.plist.xml; path = ClassifyTitles.plist; sourceTree = "<group>"; };
		F8A9905D1F74AF3800C2592B /* DetailRecommend.plist */ = {isa = PBXFileReference; fileEncoding = 4; lastKnownFileType = text.plist.xml; path = DetailRecommend.plist; sourceTree = "<group>"; };
		F8A9905E1F74AF3800C2592B /* FiltrateItem.plist */ = {isa = PBXFileReference; fileEncoding = 4; lastKnownFileType = text.plist.xml; path = FiltrateItem.plist; sourceTree = "<group>"; };
		F8A9905F1F74AF3800C2592B /* FootprintGoods.plist */ = {isa = PBXFileReference; fileEncoding = 4; lastKnownFileType = text.plist.xml; path = FootprintGoods.plist; sourceTree = "<group>"; };
		F8A990601F74AF3800C2592B /* shareTerrace.plist */ = {isa = PBXFileReference; fileEncoding = 4; lastKnownFileType = text.plist.xml; path = shareTerrace.plist; sourceTree = "<group>"; };
		F8A990611F74AF3800C2592B /* ShopItem.plist */ = {isa = PBXFileReference; fileEncoding = 4; lastKnownFileType = text.plist.xml; path = ShopItem.plist; sourceTree = "<group>"; };
		F8A990631F74AF3800C2592B /* CommentPic.plist */ = {isa = PBXFileReference; fileEncoding = 4; lastKnownFileType = text.plist.xml; path = CommentPic.plist; sourceTree = "<group>"; };
		F8A990641F74AF3800C2592B /* DeliveryAdress.plist */ = {isa = PBXFileReference; fileEncoding = 4; lastKnownFileType = text.plist.xml; path = DeliveryAdress.plist; sourceTree = "<group>"; };
		F8A990651F74AF3800C2592B /* MessageNote.plist */ = {isa = PBXFileReference; fileEncoding = 4; lastKnownFileType = text.plist.xml; path = MessageNote.plist; sourceTree = "<group>"; };
		F8A990661F74AF3800C2592B /* MyBuyFlow.plist */ = {isa = PBXFileReference; fileEncoding = 4; lastKnownFileType = text.plist.xml; path = MyBuyFlow.plist; sourceTree = "<group>"; };
		F8A990671F74AF3800C2592B /* MyRecreationFlow.plist */ = {isa = PBXFileReference; fileEncoding = 4; lastKnownFileType = text.plist.xml; path = MyRecreationFlow.plist; sourceTree = "<group>"; };
		F8A990681F74AF3800C2592B /* YouLikeGoods.plist */ = {isa = PBXFileReference; fileEncoding = 4; lastKnownFileType = text.plist.xml; path = YouLikeGoods.plist; sourceTree = "<group>"; };
		F8A9906A1F74AF3800C2592B /* RecommendShop.plist */ = {isa = PBXFileReference; fileEncoding = 4; lastKnownFileType = text.plist.xml; path = RecommendShop.plist; sourceTree = "<group>"; };
		F8A9906C1F74AF3800C2592B /* CountDownShop.plist */ = {isa = PBXFileReference; fileEncoding = 4; lastKnownFileType = text.plist.xml; path = CountDownShop.plist; sourceTree = "<group>"; };
		F8A9906D1F74AF3800C2592B /* GoodsGrid.plist */ = {isa = PBXFileReference; fileEncoding = 4; lastKnownFileType = text.plist.xml; path = GoodsGrid.plist; sourceTree = "<group>"; };
		F8A9906E1F74AF3800C2592B /* HomeHighGoods.plist */ = {isa = PBXFileReference; fileEncoding = 4; lastKnownFileType = text.plist.xml; path = HomeHighGoods.plist; sourceTree = "<group>"; };
		F8A9908A1F74E19E00C2592B /* LBSMSearchTextField.h */ = {isa = PBXFileReference; fileEncoding = 4; lastKnownFileType = sourcecode.c.h; path = LBSMSearchTextField.h; sourceTree = "<group>"; };
		F8A9908B1F74E19E00C2592B /* LBSMSearchTextField.m */ = {isa = PBXFileReference; fileEncoding = 4; lastKnownFileType = sourcecode.c.objc; path = LBSMSearchTextField.m; sourceTree = "<group>"; };
		F8A9908F1F74FF2500C2592B /* LBSMHomeGrid.h */ = {isa = PBXFileReference; fileEncoding = 4; lastKnownFileType = sourcecode.c.h; path = LBSMHomeGrid.h; sourceTree = "<group>"; };
		F8A990901F74FF2500C2592B /* LBSMHomeGrid.m */ = {isa = PBXFileReference; fileEncoding = 4; lastKnownFileType = sourcecode.c.objc; path = LBSMHomeGrid.m; sourceTree = "<group>"; };
		F8A9909D1F7510E300C2592B /* UIView+DCExtension.h */ = {isa = PBXFileReference; fileEncoding = 4; lastKnownFileType = sourcecode.c.h; path = "UIView+DCExtension.h"; sourceTree = "<group>"; };
		F8A9909E1F7510E300C2592B /* UIView+DCExtension.m */ = {isa = PBXFileReference; fileEncoding = 4; lastKnownFileType = sourcecode.c.objc; path = "UIView+DCExtension.m"; sourceTree = "<group>"; };
		F8A990A11F75128200C2592B /* LBSMSlideshowHeadView.h */ = {isa = PBXFileReference; fileEncoding = 4; lastKnownFileType = sourcecode.c.h; path = LBSMSlideshowHeadView.h; sourceTree = "<group>"; };
		F8A990A21F75128200C2592B /* LBSMSlideshowHeadView.m */ = {isa = PBXFileReference; fileEncoding = 4; lastKnownFileType = sourcecode.c.objc; path = LBSMSlideshowHeadView.m; sourceTree = "<group>"; };
		F8A990A41F7512C300C2592B /* LBSMTopFooterView.h */ = {isa = PBXFileReference; fileEncoding = 4; lastKnownFileType = sourcecode.c.h; path = LBSMTopFooterView.h; sourceTree = "<group>"; };
		F8A990A51F7512C300C2592B /* LBSMTopFooterView.m */ = {isa = PBXFileReference; fileEncoding = 4; lastKnownFileType = sourcecode.c.objc; path = LBSMTopFooterView.m; sourceTree = "<group>"; };
		F8A990A81F75146500C2592B /* DCNumericalScrollView.h */ = {isa = PBXFileReference; fileEncoding = 4; lastKnownFileType = sourcecode.c.h; path = DCNumericalScrollView.h; sourceTree = "<group>"; };
		F8A990A91F75146500C2592B /* DCNumericalScrollView.m */ = {isa = PBXFileReference; fileEncoding = 4; lastKnownFileType = sourcecode.c.objc; path = DCNumericalScrollView.m; sourceTree = "<group>"; };
		F8A990AE1F75181C00C2592B /* LBSMHaoHuoHeadView.h */ = {isa = PBXFileReference; fileEncoding = 4; lastKnownFileType = sourcecode.c.h; path = LBSMHaoHuoHeadView.h; sourceTree = "<group>"; };
		F8A990AF1F75181C00C2592B /* LBSMHaoHuoHeadView.m */ = {isa = PBXFileReference; fileEncoding = 4; lastKnownFileType = sourcecode.c.objc; path = LBSMHaoHuoHeadView.m; sourceTree = "<group>"; };
		F8A990B11F751A6300C2592B /* LBSMHomeGridCell.h */ = {isa = PBXFileReference; fileEncoding = 4; lastKnownFileType = sourcecode.c.h; path = LBSMHomeGridCell.h; sourceTree = "<group>"; };
		F8A990B21F751A6300C2592B /* LBSMHomeGridCell.m */ = {isa = PBXFileReference; fileEncoding = 4; lastKnownFileType = sourcecode.c.objc; path = LBSMHomeGridCell.m; sourceTree = "<group>"; };
		F8A990B41F751A9300C2592B /* LBSMHaoHuoCell.h */ = {isa = PBXFileReference; fileEncoding = 4; lastKnownFileType = sourcecode.c.h; path = LBSMHaoHuoCell.h; sourceTree = "<group>"; };
		F8A990B51F751A9300C2592B /* LBSMHaoHuoCell.m */ = {isa = PBXFileReference; fileEncoding = 4; lastKnownFileType = sourcecode.c.objc; path = LBSMHaoHuoCell.m; sourceTree = "<group>"; };
		F8A990BC1F751ECD00C2592B /* LBSMHaoHuoGoodsCell.h */ = {isa = PBXFileReference; fileEncoding = 4; lastKnownFileType = sourcecode.c.h; path = LBSMHaoHuoGoodsCell.h; sourceTree = "<group>"; };
		F8A990BD1F751ECD00C2592B /* LBSMHaoHuoGoodsCell.m */ = {isa = PBXFileReference; fileEncoding = 4; lastKnownFileType = sourcecode.c.objc; path = LBSMHaoHuoGoodsCell.m; sourceTree = "<group>"; };
		F8A990BF1F75200100C2592B /* LBSMHaoHuoGoodsModel.h */ = {isa = PBXFileReference; fileEncoding = 4; lastKnownFileType = sourcecode.c.h; path = LBSMHaoHuoGoodsModel.h; sourceTree = "<group>"; };
		F8A990C01F75200100C2592B /* LBSMHaoHuoGoodsModel.m */ = {isa = PBXFileReference; fileEncoding = 4; lastKnownFileType = sourcecode.c.objc; path = LBSMHaoHuoGoodsModel.m; sourceTree = "<group>"; };
		F8ABAF661F761C5800C75B82 /* LBSMHaoGoodsButton.h */ = {isa = PBXFileReference; fileEncoding = 4; lastKnownFileType = sourcecode.c.h; path = LBSMHaoGoodsButton.h; sourceTree = "<group>"; };
		F8ABAF671F761C5800C75B82 /* LBSMHaoGoodsButton.m */ = {isa = PBXFileReference; fileEncoding = 4; lastKnownFileType = sourcecode.c.objc; path = LBSMHaoGoodsButton.m; sourceTree = "<group>"; };
		F8FBE6681F7626ED000BF644 /* LBSMNeedLifeCell.h */ = {isa = PBXFileReference; fileEncoding = 4; lastKnownFileType = sourcecode.c.h; path = LBSMNeedLifeCell.h; sourceTree = "<group>"; };
		F8FBE6691F7626ED000BF644 /* LBSMNeedLifeCell.m */ = {isa = PBXFileReference; fileEncoding = 4; lastKnownFileType = sourcecode.c.objc; path = LBSMNeedLifeCell.m; sourceTree = "<group>"; };
		F8FBE66B1F7628E8000BF644 /* LBSMNeedLifeGoodCell.h */ = {isa = PBXFileReference; fileEncoding = 4; lastKnownFileType = sourcecode.c.h; path = LBSMNeedLifeGoodCell.h; sourceTree = "<group>"; };
		F8FBE66C1F7628E8000BF644 /* LBSMNeedLifeGoodCell.m */ = {isa = PBXFileReference; fileEncoding = 4; lastKnownFileType = sourcecode.c.objc; path = LBSMNeedLifeGoodCell.m; sourceTree = "<group>"; };
/* End PBXFileReference section */

/* Begin PBXFrameworksBuildPhase section */
		3AFA7EA41F64546300CC1D2D /* Frameworks */ = {
			isa = PBXFrameworksBuildPhase;
			buildActionMask = 2147483647;
			files = (
				F94E060C399C91F075D61321 /* libPods-LBStoreMall.a in Frameworks */,
			);
			runOnlyForDeploymentPostprocessing = 0;
		};
		3AFA7EBD1F64546300CC1D2D /* Frameworks */ = {
			isa = PBXFrameworksBuildPhase;
			buildActionMask = 2147483647;
			files = (
			);
			runOnlyForDeploymentPostprocessing = 0;
		};
		3AFA7EC81F64546300CC1D2D /* Frameworks */ = {
			isa = PBXFrameworksBuildPhase;
			buildActionMask = 2147483647;
			files = (
			);
			runOnlyForDeploymentPostprocessing = 0;
		};
/* End PBXFrameworksBuildPhase section */

/* Begin PBXGroup section */
		21A98F26D59C8B1360620900 /* Frameworks */ = {
			isa = PBXGroup;
			children = (
				A304A683BFA9B931C1ECDFC9 /* libPods-LBStoreMall.a */,
			);
			name = Frameworks;
			sourceTree = "<group>";
		};
		3A7172341F77527900CA244C /* 第3组 */ = {
			isa = PBXGroup;
			children = (
				3A7172361F7753E300CA244C /* LBSMPinPaiJingXuanCell.h */,
				3A7172371F7753E300CA244C /* LBSMPinPaiJingXuanCell.m */,
				3A7172391F77646B00CA244C /* LBSMPinPaiHeaderView.h */,
				3A71723A1F77646B00CA244C /* LBSMPinPaiHeaderView.m */,
				3A71723C1F77709600CA244C /* LBSMPinPaiButton.h */,
				3A71723D1F77709600CA244C /* LBSMPinPaiButton.m */,
			);
			path = "第3组";
			sourceTree = "<group>";
		};
		3A7172351F77527900CA244C /* 第4组 */ = {
			isa = PBXGroup;
			children = (
				3A71723F1F77731F00CA244C /* LBSMHotCommendHeadView.h */,
				3A7172401F77731F00CA244C /* LBSMHotCommendHeadView.m */,
				3A7172421F77745300CA244C /* LBSMHotCommendFootView.h */,
				3A7172431F77745300CA244C /* LBSMHotCommendFootView.m */,
				3A7172451F7776E700CA244C /* LBSMHotCommendCell.h */,
				3A7172461F7776E700CA244C /* LBSMHotCommendCell.m */,
			);
			path = "第4组";
			sourceTree = "<group>";
		};
		3A71724C1F777CD800CA244C /* LBSMSpeedy */ = {
			isa = PBXGroup;
			children = (
				3A71724D1F777CD800CA244C /* DCSpeedy.h */,
				3A71724E1F777CD800CA244C /* DCSpeedy.m */,
			);
			path = LBSMSpeedy;
			sourceTree = "<group>";
		};
		3A7172521F77835E00CA244C /* LBSMGoodsSetController */ = {
			isa = PBXGroup;
			children = (
				3A7172531F77837900CA244C /* LBSMGoodsSetController.h */,
				3A7172541F77837900CA244C /* LBSMGoodsSetController.m */,
			);
			path = LBSMGoodsSetController;
			sourceTree = "<group>";
		};
		3AA90C381F651B0B00048C39 /* classes */ = {
			isa = PBXGroup;
			children = (
				3AA90C391F651B0B00048C39 /* common */,
				3AA90C3A1F651B0B00048C39 /* controller */,
				F8A9904F1F74AB7600C2592B /* model */,
				F8A990501F74AB7600C2592B /* net */,
				3AA90C3D1F651B0B00048C39 /* orther */,
				F87B43C21F678B8E005ED2BC /* view */,
				F87B43C31F678B8E005ED2BC /* viewModel */,
			);
			path = classes;
			sourceTree = "<group>";
		};
		3AA90C391F651B0B00048C39 /* common */ = {
			isa = PBXGroup;
			children = (
				3A71724B1F777CD800CA244C /* Foundation+Log.m */,
				3A71724C1F777CD800CA244C /* LBSMSpeedy */,
				F8A990A71F75146500C2592B /* DCNumericalScrollView */,
				F8A9909C1F7510E300C2592B /* UIView+DCExtension */,
				F8A990091F74A71300C2592B /* RichScan */,
				F8A990021F74A5A400C2592B /* UIBarButtonItem+LBBarButtonItem */,
				F8A98FFE1F749AB300C2592B /* GQGesVCTransition */,
				3AA90C401F651B2B00048C39 /* Additions */,
			);
			path = common;
			sourceTree = "<group>";
		};
		3AA90C3A1F651B0B00048C39 /* controller */ = {
			isa = PBXGroup;
			children = (
				F87B43C81F67D525005ED2BC /* classify */,
				F87B43C91F67D525005ED2BC /* home */,
				F87B43CA1F67D525005ED2BC /* mine */,
				F87B43CB1F67D525005ED2BC /* shopping */,
				3AA90C6B1F651D0A00048C39 /* main */,
			);
			path = controller;
			sourceTree = "<group>";
		};
		3AA90C3D1F651B0B00048C39 /* orther */ = {
			isa = PBXGroup;
			children = (
				3AA90C681F651CB900048C39 /* AppDelegate.h */,
				3AA90C691F651CB900048C39 /* AppDelegate.m */,
			);
			path = orther;
			sourceTree = "<group>";
		};
		3AA90C401F651B2B00048C39 /* Additions */ = {
			isa = PBXGroup;
			children = (
				3AA90C411F651B2B00048C39 /* CZAdditions.h */,
				3AA90C421F651B2B00048C39 /* NSArray+Log.h */,
				3AA90C431F651B2B00048C39 /* NSArray+Log.m */,
				3AA90C441F651B2B00048C39 /* NSAttributedString+CZAdditon.h */,
				3AA90C451F651B2B00048C39 /* NSAttributedString+CZAdditon.m */,
				3AA90C461F651B2B00048C39 /* NSObject+CZRuntime.h */,
				3AA90C471F651B2B00048C39 /* NSObject+CZRuntime.m */,
				3AA90C481F651B2B00048C39 /* NSString+CZBase64.h */,
				3AA90C491F651B2B00048C39 /* NSString+CZBase64.m */,
				3AA90C4A1F651B2B00048C39 /* NSString+CZHash.h */,
				3AA90C4B1F651B2B00048C39 /* NSString+CZHash.m */,
				3AA90C4C1F651B2B00048C39 /* NSString+CZPath.h */,
				3AA90C4D1F651B2B00048C39 /* NSString+CZPath.m */,
				3AA90C4E1F651B2B00048C39 /* UIButton+CZAddition.h */,
				3AA90C4F1F651B2B00048C39 /* UIButton+CZAddition.m */,
				3AA90C501F651B2B00048C39 /* UIColor+CZAddition.h */,
				3AA90C511F651B2B00048C39 /* UIColor+CZAddition.m */,
				3AA90C521F651B2B00048C39 /* UILabel+CZAddition.h */,
				3AA90C531F651B2B00048C39 /* UILabel+CZAddition.m */,
				3AA90C541F651B2B00048C39 /* UIScreen+CZAddition.h */,
				3AA90C551F651B2B00048C39 /* UIScreen+CZAddition.m */,
				3AA90C561F651B2B00048C39 /* UIView+CZAddition.h */,
				3AA90C571F651B2B00048C39 /* UIView+CZAddition.m */,
				3AA90C581F651B2B00048C39 /* UIViewController+CZAddition.h */,
				3AA90C591F651B2B00048C39 /* UIViewController+CZAddition.m */,
			);
			path = Additions;
			sourceTree = "<group>";
		};
		3AA90C6B1F651D0A00048C39 /* main */ = {
			isa = PBXGroup;
			children = (
				3AA90C6C1F651D2100048C39 /* LBSMTabBarController.h */,
				3AA90C6D1F651D2100048C39 /* LBSMTabBarController.m */,
				F87B43BD1F678726005ED2BC /* LBSMNavController.h */,
				F87B43BE1F678726005ED2BC /* LBSMNavController.m */,
			);
			path = main;
			sourceTree = "<group>";
		};
		3AF2C9DC1F7BF80100A5B701 /* goodList */ = {
			isa = PBXGroup;
			children = (
				3AF2C9DD1F7BF82C00A5B701 /* LBSMGoodListCommend.h */,
				3AF2C9DE1F7BF82C00A5B701 /* LBSMGoodListCommend.m */,
			);
			path = goodList;
			sourceTree = "<group>";
		};
		3AF2C9E01F7BFBFE00A5B701 /* goodList */ = {
			isa = PBXGroup;
			children = (
				3AF2C9E11F7BFC3A00A5B701 /* LBSMGoodListCollectionCell.h */,
				3AF2C9E21F7BFC3A00A5B701 /* LBSMGoodListCollectionCell.m */,
				3AF2C9E41F7BFC4E00A5B701 /* LBSMGoodGridCollectionCell.h */,
				3AF2C9E51F7BFC4E00A5B701 /* LBSMGoodGridCollectionCell.m */,
			);
			path = goodList;
			sourceTree = "<group>";
		};
		3AFA7E9E1F64546300CC1D2D = {
			isa = PBXGroup;
			children = (
				3AFA7EA91F64546300CC1D2D /* LBStoreMall */,
				3AFA7EC31F64546300CC1D2D /* LBStoreMallTests */,
				3AFA7ECE1F64546300CC1D2D /* LBStoreMallUITests */,
				3AFA7EA81F64546300CC1D2D /* Products */,
				58F9DD4EEE1AC6111C050E33 /* Pods */,
				21A98F26D59C8B1360620900 /* Frameworks */,
			);
			sourceTree = "<group>";
		};
		3AFA7EA81F64546300CC1D2D /* Products */ = {
			isa = PBXGroup;
			children = (
				3AFA7EA71F64546300CC1D2D /* LBStoreMall.app */,
				3AFA7EC01F64546300CC1D2D /* LBStoreMallTests.xctest */,
				3AFA7ECB1F64546300CC1D2D /* LBStoreMallUITests.xctest */,
			);
			name = Products;
			sourceTree = "<group>";
		};
		3AFA7EA91F64546300CC1D2D /* LBStoreMall */ = {
			isa = PBXGroup;
			children = (
				3AA90C381F651B0B00048C39 /* classes */,
				3AFA7EB61F64546300CC1D2D /* Assets.xcassets */,
				3AFA7EB81F64546300CC1D2D /* LaunchScreen.storyboard */,
				3AFA7EBB1F64546300CC1D2D /* Info.plist */,
				F8A990551F74AF3800C2592B /* Resource */,
				3AFA7EAA1F64546300CC1D2D /* Supporting Files */,
				3AA90C661F651B5600048C39 /* LBSMHeader.h */,
				3A7172511F777D5900CA244C /* PingFang Medium.ttf */,
				3AA90C671F651B7500048C39 /* LBSMPrefixHeader.pch */,
			);
			path = LBStoreMall;
			sourceTree = "<group>";
		};
		3AFA7EAA1F64546300CC1D2D /* Supporting Files */ = {
			isa = PBXGroup;
			children = (
				3AFA7EAB1F64546300CC1D2D /* main.m */,
			);
			name = "Supporting Files";
			sourceTree = "<group>";
		};
		3AFA7EC31F64546300CC1D2D /* LBStoreMallTests */ = {
			isa = PBXGroup;
			children = (
				3AFA7EC41F64546300CC1D2D /* LBStoreMallTests.m */,
				3AFA7EC61F64546300CC1D2D /* Info.plist */,
			);
			path = LBStoreMallTests;
			sourceTree = "<group>";
		};
		3AFA7ECE1F64546300CC1D2D /* LBStoreMallUITests */ = {
			isa = PBXGroup;
			children = (
				3AFA7ECF1F64546300CC1D2D /* LBStoreMallUITests.m */,
				3AFA7ED11F64546300CC1D2D /* Info.plist */,
			);
			path = LBStoreMallUITests;
			sourceTree = "<group>";
		};
		58F9DD4EEE1AC6111C050E33 /* Pods */ = {
			isa = PBXGroup;
			children = (
				2C461B054A4E5F8BBDCB051A /* Pods-LBStoreMall.debug.xcconfig */,
				6E447257B58F99E197A98854 /* Pods-LBStoreMall.release.xcconfig */,
			);
			name = Pods;
			sourceTree = "<group>";
		};
		F87B43C21F678B8E005ED2BC /* view */ = {
			isa = PBXGroup;
			children = (
				3AF2C9E01F7BFBFE00A5B701 /* goodList */,
				F8A9908D1F74FEDE00C2592B /* home */,
				F8A990831F74B9AA00C2592B /* search */,
				F8A990481F74AAB600C2592B /* message */,
				F87B43C41F678BB0005ED2BC /* main */,
			);
			path = view;
			sourceTree = "<group>";
		};
		F87B43C31F678B8E005ED2BC /* viewModel */ = {
			isa = PBXGroup;
			children = (
			);
			path = viewModel;
			sourceTree = "<group>";
		};
		F87B43C41F678BB0005ED2BC /* main */ = {
			isa = PBXGroup;
			children = (
				F87B43C51F678BEE005ED2BC /* LBSMTabBar.h */,
				F87B43C61F678BEE005ED2BC /* LBSMTabBar.m */,
			);
			path = main;
			sourceTree = "<group>";
		};
		F87B43C81F67D525005ED2BC /* classify */ = {
			isa = PBXGroup;
			children = (
				F87B43CC1F67D541005ED2BC /* LBSMClassifyController.h */,
				F87B43CD1F67D541005ED2BC /* LBSMClassifyController.m */,
			);
			path = classify;
			sourceTree = "<group>";
		};
		F87B43C91F67D525005ED2BC /* home */ = {
			isa = PBXGroup;
			children = (
				F87B43CF1F67D55C005ED2BC /* LBSMHomeController.h */,
				F87B43D01F67D55C005ED2BC /* LBSMHomeController.m */,
				3A7172521F77835E00CA244C /* LBSMGoodsSetController */,
				F8A990441F74A91D00C2592B /* message */,
			);
			path = home;
			sourceTree = "<group>";
		};
		F87B43CA1F67D525005ED2BC /* mine */ = {
			isa = PBXGroup;
			children = (
				F87B43D21F67D56A005ED2BC /* LBSMMineController.h */,
				F87B43D31F67D56A005ED2BC /* LBSMMineController.m */,
			);
			path = mine;
			sourceTree = "<group>";
		};
		F87B43CB1F67D525005ED2BC /* shopping */ = {
			isa = PBXGroup;
			children = (
				F87B43D51F67D57C005ED2BC /* LBSMShopController.h */,
				F87B43D61F67D57C005ED2BC /* LBSMShopController.m */,
			);
			path = shopping;
			sourceTree = "<group>";
		};
		F8A98FFE1F749AB300C2592B /* GQGesVCTransition */ = {
			isa = PBXGroup;
			children = (
				F8A98FFF1F749AB300C2592B /* GQGesVCTransition.h */,
				F8A990001F749AB300C2592B /* GQGesVCTransition.m */,
			);
			path = GQGesVCTransition;
			sourceTree = "<group>";
		};
		F8A990021F74A5A400C2592B /* UIBarButtonItem+LBBarButtonItem */ = {
			isa = PBXGroup;
			children = (
				F8A990061F74A5F300C2592B /* UIBarButtonItem+LBBarButtonItem.h */,
				F8A990071F74A5F300C2592B /* UIBarButtonItem+LBBarButtonItem.m */,
			);
			path = "UIBarButtonItem+LBBarButtonItem";
			sourceTree = "<group>";
		};
		F8A990091F74A71300C2592B /* RichScan */ = {
			isa = PBXGroup;
			children = (
				F8A9900A1F74A71300C2592B /* CodeScan.bundle */,
				F8A9900B1F74A71300C2592B /* LBXScan */,
				F8A990231F74A71300C2592B /* subLBX */,
			);
			path = RichScan;
			sourceTree = "<group>";
		};
		F8A9900B1F74A71300C2592B /* LBXScan */ = {
			isa = PBXGroup;
			children = (
				F8A9900C1F74A71300C2592B /* LBXScanLineAnimation.h */,
				F8A9900D1F74A71300C2592B /* LBXScanLineAnimation.m */,
				F8A9900E1F74A71300C2592B /* LBXScanNative.h */,
				F8A9900F1F74A71300C2592B /* LBXScanNative.m */,
				F8A990101F74A71300C2592B /* LBXScanNetAnimation.h */,
				F8A990111F74A71300C2592B /* LBXScanNetAnimation.m */,
				F8A990121F74A71300C2592B /* LBXScanResult.h */,
				F8A990131F74A71300C2592B /* LBXScanResult.m */,
				F8A990141F74A71300C2592B /* LBXScanVideoZoomView.h */,
				F8A990151F74A71300C2592B /* LBXScanVideoZoomView.m */,
				F8A990161F74A71300C2592B /* LBXScanView.h */,
				F8A990171F74A71300C2592B /* LBXScanView.m */,
				F8A990181F74A71300C2592B /* LBXScanViewController.h */,
				F8A990191F74A71300C2592B /* LBXScanViewController.m */,
				F8A9901A1F74A71300C2592B /* LBXScanViewStyle.h */,
				F8A9901B1F74A71300C2592B /* LBXScanViewStyle.m */,
				F8A9901C1F74A71300C2592B /* LBXScanWrapper.h */,
				F8A9901D1F74A71300C2592B /* LBXScanWrapper.m */,
				F8A9901E1F74A71300C2592B /* LBXZXCapture.h */,
				F8A9901F1F74A71300C2592B /* LBXZXCapture.m */,
				F8A990201F74A71300C2592B /* LBXZXCaptureDelegate.h */,
				F8A990211F74A71300C2592B /* ZXingWrapper.h */,
				F8A990221F74A71300C2592B /* ZXingWrapper.m */,
			);
			path = LBXScan;
			sourceTree = "<group>";
		};
		F8A990231F74A71300C2592B /* subLBX */ = {
			isa = PBXGroup;
			children = (
				F8A990241F74A71300C2592B /* LBXAlertAction.h */,
				F8A990251F74A71300C2592B /* LBXAlertAction.m */,
				F8A990261F74A71300C2592B /* MyQRViewController.h */,
				F8A990271F74A71300C2592B /* MyQRViewController.m */,
				F8A990281F74A71300C2592B /* ScanResultViewController.h */,
				F8A990291F74A71300C2592B /* ScanResultViewController.m */,
				F8A9902A1F74A71300C2592B /* ScanResultViewController.xib */,
				F8A9902B1F74A71300C2592B /* SubLBXScanViewController.h */,
				F8A9902C1F74A71300C2592B /* SubLBXScanViewController.m */,
				F8A9902D1F74A71300C2592B /* UIActionSheet+LBXAlertAction.h */,
				F8A9902E1F74A71300C2592B /* UIActionSheet+LBXAlertAction.m */,
				F8A9902F1F74A71300C2592B /* UIAlertView+LBXAlertAction.h */,
				F8A990301F74A71300C2592B /* UIAlertView+LBXAlertAction.m */,
			);
			path = subLBX;
			sourceTree = "<group>";
		};
		F8A990441F74A91D00C2592B /* message */ = {
			isa = PBXGroup;
			children = (
				F8A990451F74A93300C2592B /* LBSMMessageController.h */,
				F8A990461F74A93300C2592B /* LBSMMessageController.m */,
			);
			path = message;
			sourceTree = "<group>";
		};
		F8A990481F74AAB600C2592B /* message */ = {
			isa = PBXGroup;
			children = (
				F8A990491F74AAE300C2592B /* LBSMMessageTableView.h */,
				F8A9904A1F74AAE300C2592B /* LBSMMessageTableView.m */,
				F8A9904C1F74AAF700C2592B /* LBSMMessageCell.h */,
				F8A9904D1F74AAF700C2592B /* LBSMMessageCell.m */,
			);
			path = message;
			sourceTree = "<group>";
		};
		F8A9904F1F74AB7600C2592B /* model */ = {
			isa = PBXGroup;
			children = (
				3AF2C9DC1F7BF80100A5B701 /* goodList */,
				F8A9908E1F74FF0000C2592B /* home */,
				F8A990511F74AB9100C2592B /* message */,
			);
			name = model;
			path = orther/model;
			sourceTree = "<group>";
		};
		F8A990501F74AB7600C2592B /* net */ = {
			isa = PBXGroup;
			children = (
			);
			name = net;
			path = orther/net;
			sourceTree = "<group>";
		};
		F8A990511F74AB9100C2592B /* message */ = {
			isa = PBXGroup;
			children = (
				F8A990521F74ABA900C2592B /* LBSMMessageModel.h */,
				F8A990531F74ABA900C2592B /* LBSMMessageModel.m */,
			);
			path = message;
			sourceTree = "<group>";
		};
		F8A990551F74AF3800C2592B /* Resource */ = {
			isa = PBXGroup;
			children = (
				F8A990561F74AF3800C2592B /* Plist */,
			);
			path = Resource;
			sourceTree = "<group>";
		};
		F8A990561F74AF3800C2592B /* Plist */ = {
			isa = PBXGroup;
			children = (
				F8A990571F74AF3800C2592B /* 分类Plist */,
				F8A990621F74AF3800C2592B /* 我的Plist */,
				F8A990691F74AF3800C2592B /* 购物车Plist */,
				F8A9906B1F74AF3800C2592B /* 首页Plist */,
			);
			path = Plist;
			sourceTree = "<group>";
		};
		F8A990571F74AF3800C2592B /* 分类Plist */ = {
			isa = PBXGroup;
			children = (
				F8A990581F74AF3800C2592B /* ClasiftyGoods.plist */,
				F8A990591F74AF3800C2592B /* ClassiftyGoods01.plist */,
				F8A9905A1F74AF3800C2592B /* ClassiftyGoods02.plist */,
				F8A9905B1F74AF3800C2592B /* ClassiftyGoods03.plist */,
				F8A9905C1F74AF3800C2592B /* ClassifyTitles.plist */,
				F8A9905D1F74AF3800C2592B /* DetailRecommend.plist */,
				F8A9905E1F74AF3800C2592B /* FiltrateItem.plist */,
				F8A9905F1F74AF3800C2592B /* FootprintGoods.plist */,
				F8A990601F74AF3800C2592B /* shareTerrace.plist */,
				F8A990611F74AF3800C2592B /* ShopItem.plist */,
			);
			path = "分类Plist";
			sourceTree = "<group>";
		};
		F8A990621F74AF3800C2592B /* 我的Plist */ = {
			isa = PBXGroup;
			children = (
				F8A990631F74AF3800C2592B /* CommentPic.plist */,
				F8A990641F74AF3800C2592B /* DeliveryAdress.plist */,
				F8A990651F74AF3800C2592B /* MessageNote.plist */,
				F8A990661F74AF3800C2592B /* MyBuyFlow.plist */,
				F8A990671F74AF3800C2592B /* MyRecreationFlow.plist */,
				F8A990681F74AF3800C2592B /* YouLikeGoods.plist */,
			);
			path = "我的Plist";
			sourceTree = "<group>";
		};
		F8A990691F74AF3800C2592B /* 购物车Plist */ = {
			isa = PBXGroup;
			children = (
				F8A9906A1F74AF3800C2592B /* RecommendShop.plist */,
			);
			path = "购物车Plist";
			sourceTree = "<group>";
		};
		F8A9906B1F74AF3800C2592B /* 首页Plist */ = {
			isa = PBXGroup;
			children = (
				F8A9906C1F74AF3800C2592B /* CountDownShop.plist */,
				F8A9906D1F74AF3800C2592B /* GoodsGrid.plist */,
				F8A9906E1F74AF3800C2592B /* HomeHighGoods.plist */,
			);
			path = "首页Plist";
			sourceTree = "<group>";
		};
		F8A990831F74B9AA00C2592B /* search */ = {
			isa = PBXGroup;
			children = (
				F8A9908A1F74E19E00C2592B /* LBSMSearchTextField.h */,
				F8A9908B1F74E19E00C2592B /* LBSMSearchTextField.m */,
			);
			path = search;
			sourceTree = "<group>";
		};
		F8A9908D1F74FEDE00C2592B /* home */ = {
			isa = PBXGroup;
			children = (
				3A7172341F77527900CA244C /* 第3组 */,
				3A7172351F77527900CA244C /* 第4组 */,
				F8A990AB1F7517A000C2592B /* 第1组 */,
				F8A990AC1F7517A000C2592B /* 第2组 */,
				F8A990A01F75128200C2592B /* 第0组 */,
			);
			path = home;
			sourceTree = "<group>";
		};
		F8A9908E1F74FF0000C2592B /* home */ = {
			isa = PBXGroup;
			children = (
				F8A9908F1F74FF2500C2592B /* LBSMHomeGrid.h */,
				F8A990901F74FF2500C2592B /* LBSMHomeGrid.m */,
				F8A990BF1F75200100C2592B /* LBSMHaoHuoGoodsModel.h */,
				F8A990C01F75200100C2592B /* LBSMHaoHuoGoodsModel.m */,
				3A7172481F77776E00CA244C /* LBSMHotCommend.h */,
				3A7172491F77776E00CA244C /* LBSMHotCommend.m */,
			);
			path = home;
			sourceTree = "<group>";
		};
		F8A9909C1F7510E300C2592B /* UIView+DCExtension */ = {
			isa = PBXGroup;
			children = (
				F8A9909D1F7510E300C2592B /* UIView+DCExtension.h */,
				F8A9909E1F7510E300C2592B /* UIView+DCExtension.m */,
			);
			path = "UIView+DCExtension";
			sourceTree = "<group>";
		};
		F8A990A01F75128200C2592B /* 第0组 */ = {
			isa = PBXGroup;
			children = (
				F8A990B11F751A6300C2592B /* LBSMHomeGridCell.h */,
				F8A990B21F751A6300C2592B /* LBSMHomeGridCell.m */,
				F8A990A11F75128200C2592B /* LBSMSlideshowHeadView.h */,
				F8A990A21F75128200C2592B /* LBSMSlideshowHeadView.m */,
				F8A990A41F7512C300C2592B /* LBSMTopFooterView.h */,
				F8A990A51F7512C300C2592B /* LBSMTopFooterView.m */,
			);
			path = "第0组";
			sourceTree = "<group>";
		};
		F8A990A71F75146500C2592B /* DCNumericalScrollView */ = {
			isa = PBXGroup;
			children = (
				F8A990A81F75146500C2592B /* DCNumericalScrollView.h */,
				F8A990A91F75146500C2592B /* DCNumericalScrollView.m */,
			);
			path = DCNumericalScrollView;
			sourceTree = "<group>";
		};
		F8A990AB1F7517A000C2592B /* 第1组 */ = {
			isa = PBXGroup;
			children = (
				F8A990AE1F75181C00C2592B /* LBSMHaoHuoHeadView.h */,
				F8A990AF1F75181C00C2592B /* LBSMHaoHuoHeadView.m */,
				F8A990B41F751A9300C2592B /* LBSMHaoHuoCell.h */,
				F8A990B51F751A9300C2592B /* LBSMHaoHuoCell.m */,
				F8A990BB1F751ECD00C2592B /* LBSMHaoHuoSliderCell */,
				F8ABAF661F761C5800C75B82 /* LBSMHaoGoodsButton.h */,
				F8ABAF671F761C5800C75B82 /* LBSMHaoGoodsButton.m */,
			);
			path = "第1组";
			sourceTree = "<group>";
		};
		F8A990AC1F7517A000C2592B /* 第2组 */ = {
			isa = PBXGroup;
			children = (
				F8FBE6681F7626ED000BF644 /* LBSMNeedLifeCell.h */,
				F8FBE6691F7626ED000BF644 /* LBSMNeedLifeCell.m */,
				F8FBE66B1F7628E8000BF644 /* LBSMNeedLifeGoodCell.h */,
				F8FBE66C1F7628E8000BF644 /* LBSMNeedLifeGoodCell.m */,
				3A7172311F77506500CA244C /* LBSMScrollAdFootView.h */,
				3A7172321F77506500CA244C /* LBSMScrollAdFootView.m */,
			);
			path = "第2组";
			sourceTree = "<group>";
		};
		F8A990BB1F751ECD00C2592B /* LBSMHaoHuoSliderCell */ = {
			isa = PBXGroup;
			children = (
				F8A990BC1F751ECD00C2592B /* LBSMHaoHuoGoodsCell.h */,
				F8A990BD1F751ECD00C2592B /* LBSMHaoHuoGoodsCell.m */,
			);
			path = LBSMHaoHuoSliderCell;
			sourceTree = "<group>";
		};
/* End PBXGroup section */

/* Begin PBXNativeTarget section */
		3AFA7EA61F64546300CC1D2D /* LBStoreMall */ = {
			isa = PBXNativeTarget;
			buildConfigurationList = 3AFA7ED41F64546300CC1D2D /* Build configuration list for PBXNativeTarget "LBStoreMall" */;
			buildPhases = (
				C770EC2A9563A5FAB596A7CA /* [CP] Check Pods Manifest.lock */,
				3AFA7EA31F64546300CC1D2D /* Sources */,
				3AFA7EA41F64546300CC1D2D /* Frameworks */,
				3AFA7EA51F64546300CC1D2D /* Resources */,
				B18746AD443983CFF6D5B816 /* [CP] Embed Pods Frameworks */,
				D83BA7E0D554269D384A8B0F /* [CP] Copy Pods Resources */,
			);
			buildRules = (
			);
			dependencies = (
			);
			name = LBStoreMall;
			productName = LBStoreMall;
			productReference = 3AFA7EA71F64546300CC1D2D /* LBStoreMall.app */;
			productType = "com.apple.product-type.application";
		};
		3AFA7EBF1F64546300CC1D2D /* LBStoreMallTests */ = {
			isa = PBXNativeTarget;
			buildConfigurationList = 3AFA7ED71F64546300CC1D2D /* Build configuration list for PBXNativeTarget "LBStoreMallTests" */;
			buildPhases = (
				3AFA7EBC1F64546300CC1D2D /* Sources */,
				3AFA7EBD1F64546300CC1D2D /* Frameworks */,
				3AFA7EBE1F64546300CC1D2D /* Resources */,
			);
			buildRules = (
			);
			dependencies = (
				3AFA7EC21F64546300CC1D2D /* PBXTargetDependency */,
			);
			name = LBStoreMallTests;
			productName = LBStoreMallTests;
			productReference = 3AFA7EC01F64546300CC1D2D /* LBStoreMallTests.xctest */;
			productType = "com.apple.product-type.bundle.unit-test";
		};
		3AFA7ECA1F64546300CC1D2D /* LBStoreMallUITests */ = {
			isa = PBXNativeTarget;
			buildConfigurationList = 3AFA7EDA1F64546300CC1D2D /* Build configuration list for PBXNativeTarget "LBStoreMallUITests" */;
			buildPhases = (
				3AFA7EC71F64546300CC1D2D /* Sources */,
				3AFA7EC81F64546300CC1D2D /* Frameworks */,
				3AFA7EC91F64546300CC1D2D /* Resources */,
			);
			buildRules = (
			);
			dependencies = (
				3AFA7ECD1F64546300CC1D2D /* PBXTargetDependency */,
			);
			name = LBStoreMallUITests;
			productName = LBStoreMallUITests;
			productReference = 3AFA7ECB1F64546300CC1D2D /* LBStoreMallUITests.xctest */;
			productType = "com.apple.product-type.bundle.ui-testing";
		};
/* End PBXNativeTarget section */

/* Begin PBXProject section */
		3AFA7E9F1F64546300CC1D2D /* Project object */ = {
			isa = PBXProject;
			attributes = {
				CLASSPREFIX = LBSM;
				LastUpgradeCheck = 0830;
				ORGANIZATIONNAME = liubo;
				TargetAttributes = {
					3AFA7EA61F64546300CC1D2D = {
						CreatedOnToolsVersion = 8.3.3;
						DevelopmentTeam = 9266GAZZ3C;
						ProvisioningStyle = Automatic;
					};
					3AFA7EBF1F64546300CC1D2D = {
						CreatedOnToolsVersion = 8.3.3;
						ProvisioningStyle = Automatic;
						TestTargetID = 3AFA7EA61F64546300CC1D2D;
					};
					3AFA7ECA1F64546300CC1D2D = {
						CreatedOnToolsVersion = 8.3.3;
						ProvisioningStyle = Automatic;
						TestTargetID = 3AFA7EA61F64546300CC1D2D;
					};
				};
			};
			buildConfigurationList = 3AFA7EA21F64546300CC1D2D /* Build configuration list for PBXProject "LBStoreMall" */;
			compatibilityVersion = "Xcode 3.2";
			developmentRegion = English;
			hasScannedForEncodings = 0;
			knownRegions = (
				en,
				Base,
			);
			mainGroup = 3AFA7E9E1F64546300CC1D2D;
			productRefGroup = 3AFA7EA81F64546300CC1D2D /* Products */;
			projectDirPath = "";
			projectRoot = "";
			targets = (
				3AFA7EA61F64546300CC1D2D /* LBStoreMall */,
				3AFA7EBF1F64546300CC1D2D /* LBStoreMallTests */,
				3AFA7ECA1F64546300CC1D2D /* LBStoreMallUITests */,
			);
		};
/* End PBXProject section */

/* Begin PBXResourcesBuildPhase section */
		3AFA7EA51F64546300CC1D2D /* Resources */ = {
			isa = PBXResourcesBuildPhase;
			buildActionMask = 2147483647;
			files = (
				F8A990741F74AF3800C2592B /* DetailRecommend.plist in Resources */,
				F8A9906F1F74AF3800C2592B /* ClasiftyGoods.plist in Resources */,
				F8A990821F74AF3800C2592B /* HomeHighGoods.plist in Resources */,
				F8A990721F74AF3800C2592B /* ClassiftyGoods03.plist in Resources */,
				F8A990751F74AF3800C2592B /* FiltrateItem.plist in Resources */,
				F8A9907A1F74AF3800C2592B /* DeliveryAdress.plist in Resources */,
				F8A9907F1F74AF3800C2592B /* RecommendShop.plist in Resources */,
				F8A990791F74AF3800C2592B /* CommentPic.plist in Resources */,
				F8A990731F74AF3800C2592B /* ClassifyTitles.plist in Resources */,
				F8A990401F74A71300C2592B /* ScanResultViewController.xib in Resources */,
				F8A9907D1F74AF3800C2592B /* MyRecreationFlow.plist in Resources */,
				F8A990771F74AF3800C2592B /* shareTerrace.plist in Resources */,
				F8A990811F74AF3800C2592B /* GoodsGrid.plist in Resources */,
				3AFA7EBA1F64546300CC1D2D /* LaunchScreen.storyboard in Resources */,
				F8A990801F74AF3800C2592B /* CountDownShop.plist in Resources */,
				F8A990701F74AF3800C2592B /* ClassiftyGoods01.plist in Resources */,
				F8A990781F74AF3800C2592B /* ShopItem.plist in Resources */,
				F8A990711F74AF3800C2592B /* ClassiftyGoods02.plist in Resources */,
				F8A9907C1F74AF3800C2592B /* MyBuyFlow.plist in Resources */,
				F8A990311F74A71300C2592B /* CodeScan.bundle in Resources */,
				3AFA7EB71F64546300CC1D2D /* Assets.xcassets in Resources */,
				F8A9907B1F74AF3800C2592B /* MessageNote.plist in Resources */,
				F8A9907E1F74AF3800C2592B /* YouLikeGoods.plist in Resources */,
				F8A990761F74AF3800C2592B /* FootprintGoods.plist in Resources */,
			);
			runOnlyForDeploymentPostprocessing = 0;
		};
		3AFA7EBE1F64546300CC1D2D /* Resources */ = {
			isa = PBXResourcesBuildPhase;
			buildActionMask = 2147483647;
			files = (
			);
			runOnlyForDeploymentPostprocessing = 0;
		};
		3AFA7EC91F64546300CC1D2D /* Resources */ = {
			isa = PBXResourcesBuildPhase;
			buildActionMask = 2147483647;
			files = (
			);
			runOnlyForDeploymentPostprocessing = 0;
		};
/* End PBXResourcesBuildPhase section */

/* Begin PBXShellScriptBuildPhase section */
		B18746AD443983CFF6D5B816 /* [CP] Embed Pods Frameworks */ = {
			isa = PBXShellScriptBuildPhase;
			buildActionMask = 2147483647;
			files = (
			);
			inputPaths = (
			);
			name = "[CP] Embed Pods Frameworks";
			outputPaths = (
			);
			runOnlyForDeploymentPostprocessing = 0;
			shellPath = /bin/sh;
			shellScript = "\"${SRCROOT}/Pods/Target Support Files/Pods-LBStoreMall/Pods-LBStoreMall-frameworks.sh\"\n";
			showEnvVarsInLog = 0;
		};
		C770EC2A9563A5FAB596A7CA /* [CP] Check Pods Manifest.lock */ = {
			isa = PBXShellScriptBuildPhase;
			buildActionMask = 2147483647;
			files = (
			);
			inputPaths = (
				"${PODS_PODFILE_DIR_PATH}/Podfile.lock",
				"${PODS_ROOT}/Manifest.lock",
			);
			name = "[CP] Check Pods Manifest.lock";
			outputPaths = (
				"$(DERIVED_FILE_DIR)/Pods-LBStoreMall-checkManifestLockResult.txt",
			);
			runOnlyForDeploymentPostprocessing = 0;
			shellPath = /bin/sh;
			shellScript = "diff \"${PODS_PODFILE_DIR_PATH}/Podfile.lock\" \"${PODS_ROOT}/Manifest.lock\" > /dev/null\nif [ $? != 0 ] ; then\n    # print error to STDERR\n    echo \"error: The sandbox is not in sync with the Podfile.lock. Run 'pod install' or update your CocoaPods installation.\" >&2\n    exit 1\nfi\n";
			showEnvVarsInLog = 0;
		};
		D83BA7E0D554269D384A8B0F /* [CP] Copy Pods Resources */ = {
			isa = PBXShellScriptBuildPhase;
			buildActionMask = 2147483647;
			files = (
			);
			inputPaths = (
			);
			name = "[CP] Copy Pods Resources";
			outputPaths = (
			);
			runOnlyForDeploymentPostprocessing = 0;
			shellPath = /bin/sh;
			shellScript = "\"${SRCROOT}/Pods/Target Support Files/Pods-LBStoreMall/Pods-LBStoreMall-resources.sh\"\n";
			showEnvVarsInLog = 0;
		};
/* End PBXShellScriptBuildPhase section */

/* Begin PBXSourcesBuildPhase section */
		3AFA7EA31F64546300CC1D2D /* Sources */ = {
			isa = PBXSourcesBuildPhase;
			buildActionMask = 2147483647;
			files = (
				F8A990341F74A71300C2592B /* LBXScanNetAnimation.m in Sources */,
				F8A990541F74ABA900C2592B /* LBSMMessageModel.m in Sources */,
				3A7172441F77745300CA244C /* LBSMHotCommendFootView.m in Sources */,
				3AA90C6E1F651D2100048C39 /* LBSMTabBarController.m in Sources */,
				3AA90C5A1F651B2B00048C39 /* NSArray+Log.m in Sources */,
				F8A990911F74FF2500C2592B /* LBSMHomeGrid.m in Sources */,
				F8A9904B1F74AAE300C2592B /* LBSMMessageTableView.m in Sources */,
				3AA90C601F651B2B00048C39 /* UIButton+CZAddition.m in Sources */,
				3AA90C5F1F651B2B00048C39 /* NSString+CZPath.m in Sources */,
				3AA90C5D1F651B2B00048C39 /* NSString+CZBase64.m in Sources */,
				F87B43C71F678BEE005ED2BC /* LBSMTabBar.m in Sources */,
				3A7172331F77506500CA244C /* LBSMScrollAdFootView.m in Sources */,
				F8A990B31F751A6300C2592B /* LBSMHomeGridCell.m in Sources */,
				F8A990B61F751A9300C2592B /* LBSMHaoHuoCell.m in Sources */,
				F8FBE66D1F7628E8000BF644 /* LBSMNeedLifeGoodCell.m in Sources */,
				F8A990331F74A71300C2592B /* LBXScanNative.m in Sources */,
				F8A990471F74A93300C2592B /* LBSMMessageController.m in Sources */,
				F8FBE66A1F7626ED000BF644 /* LBSMNeedLifeCell.m in Sources */,
				F87B43BF1F678726005ED2BC /* LBSMNavController.m in Sources */,
				F8A9908C1F74E19E00C2592B /* LBSMSearchTextField.m in Sources */,
				F8A990A61F7512C300C2592B /* LBSMTopFooterView.m in Sources */,
				3AA90C5B1F651B2B00048C39 /* NSAttributedString+CZAdditon.m in Sources */,
				3AA90C641F651B2B00048C39 /* UIView+CZAddition.m in Sources */,
				3A7172551F77837900CA244C /* LBSMGoodsSetController.m in Sources */,
				F8A9903E1F74A71300C2592B /* MyQRViewController.m in Sources */,
				F8A990421F74A71300C2592B /* UIActionSheet+LBXAlertAction.m in Sources */,
				F8A990A31F75128200C2592B /* LBSMSlideshowHeadView.m in Sources */,
				F87B43CE1F67D541005ED2BC /* LBSMClassifyController.m in Sources */,
				F8A9903F1F74A71300C2592B /* ScanResultViewController.m in Sources */,
				F8A9909F1F7510E300C2592B /* UIView+DCExtension.m in Sources */,
				3AA90C6A1F651CB900048C39 /* AppDelegate.m in Sources */,
				F8A990011F749AB300C2592B /* GQGesVCTransition.m in Sources */,
				F8A990BE1F751ECD00C2592B /* LBSMHaoHuoGoodsCell.m in Sources */,
				3A71724F1F777CD800CA244C /* Foundation+Log.m in Sources */,
				F8A9903C1F74A71300C2592B /* ZXingWrapper.m in Sources */,
				3A7172501F777CD800CA244C /* DCSpeedy.m in Sources */,
				F87B43D71F67D57C005ED2BC /* LBSMShopController.m in Sources */,
				F8A990371F74A71300C2592B /* LBXScanView.m in Sources */,
				3A7172411F77731F00CA244C /* LBSMHotCommendHeadView.m in Sources */,
				F87B43D11F67D55C005ED2BC /* LBSMHomeController.m in Sources */,
				3AA90C621F651B2B00048C39 /* UILabel+CZAddition.m in Sources */,
				3AF2C9E31F7BFC3A00A5B701 /* LBSMGoodListCollectionCell.m in Sources */,
				F8A990391F74A71300C2592B /* LBXScanViewStyle.m in Sources */,
				3AA90C631F651B2B00048C39 /* UIScreen+CZAddition.m in Sources */,
				3A7172471F7776E700CA244C /* LBSMHotCommendCell.m in Sources */,
				3A71723B1F77646B00CA244C /* LBSMPinPaiHeaderView.m in Sources */,
				F87B43D41F67D56A005ED2BC /* LBSMMineController.m in Sources */,
				3AA90C651F651B2B00048C39 /* UIViewController+CZAddition.m in Sources */,
				F8A990411F74A71300C2592B /* SubLBXScanViewController.m in Sources */,
				3A71724A1F77776E00CA244C /* LBSMHotCommend.m in Sources */,
				F8A990AA1F75146500C2592B /* DCNumericalScrollView.m in Sources */,
				3AA90C5C1F651B2B00048C39 /* NSObject+CZRuntime.m in Sources */,
				3A71723E1F77709600CA244C /* LBSMPinPaiButton.m in Sources */,
				F8A9903A1F74A71300C2592B /* LBXScanWrapper.m in Sources */,
				F8A990381F74A71300C2592B /* LBXScanViewController.m in Sources */,
				F8A990351F74A71300C2592B /* LBXScanResult.m in Sources */,
				3A7172381F7753E300CA244C /* LBSMPinPaiJingXuanCell.m in Sources */,
				3AF2C9DF1F7BF82C00A5B701 /* LBSMGoodListCommend.m in Sources */,
				3AA90C5E1F651B2B00048C39 /* NSString+CZHash.m in Sources */,
				F8A990B01F75181C00C2592B /* LBSMHaoHuoHeadView.m in Sources */,
				F8A990361F74A71300C2592B /* LBXScanVideoZoomView.m in Sources */,
				F8A9903B1F74A71300C2592B /* LBXZXCapture.m in Sources */,
				F8A990321F74A71300C2592B /* LBXScanLineAnimation.m in Sources */,
				F8A990081F74A5F300C2592B /* UIBarButtonItem+LBBarButtonItem.m in Sources */,
				3AF2C9E61F7BFC4E00A5B701 /* LBSMGoodGridCollectionCell.m in Sources */,
				3AA90C611F651B2B00048C39 /* UIColor+CZAddition.m in Sources */,
				F8A9903D1F74A71300C2592B /* LBXAlertAction.m in Sources */,
				F8A990C11F75200100C2592B /* LBSMHaoHuoGoodsModel.m in Sources */,
				3AFA7EAC1F64546300CC1D2D /* main.m in Sources */,
				F8ABAF681F761C5900C75B82 /* LBSMHaoGoodsButton.m in Sources */,
				F8A9904E1F74AAF700C2592B /* LBSMMessageCell.m in Sources */,
				F8A990431F74A71300C2592B /* UIAlertView+LBXAlertAction.m in Sources */,
			);
			runOnlyForDeploymentPostprocessing = 0;
		};
		3AFA7EBC1F64546300CC1D2D /* Sources */ = {
			isa = PBXSourcesBuildPhase;
			buildActionMask = 2147483647;
			files = (
				3AFA7EC51F64546300CC1D2D /* LBStoreMallTests.m in Sources */,
			);
			runOnlyForDeploymentPostprocessing = 0;
		};
		3AFA7EC71F64546300CC1D2D /* Sources */ = {
			isa = PBXSourcesBuildPhase;
			buildActionMask = 2147483647;
			files = (
				3AFA7ED01F64546300CC1D2D /* LBStoreMallUITests.m in Sources */,
			);
			runOnlyForDeploymentPostprocessing = 0;
		};
/* End PBXSourcesBuildPhase section */

/* Begin PBXTargetDependency section */
		3AFA7EC21F64546300CC1D2D /* PBXTargetDependency */ = {
			isa = PBXTargetDependency;
			target = 3AFA7EA61F64546300CC1D2D /* LBStoreMall */;
			targetProxy = 3AFA7EC11F64546300CC1D2D /* PBXContainerItemProxy */;
		};
		3AFA7ECD1F64546300CC1D2D /* PBXTargetDependency */ = {
			isa = PBXTargetDependency;
			target = 3AFA7EA61F64546300CC1D2D /* LBStoreMall */;
			targetProxy = 3AFA7ECC1F64546300CC1D2D /* PBXContainerItemProxy */;
		};
/* End PBXTargetDependency section */

/* Begin PBXVariantGroup section */
		3AFA7EB81F64546300CC1D2D /* LaunchScreen.storyboard */ = {
			isa = PBXVariantGroup;
			children = (
				3AFA7EB91F64546300CC1D2D /* Base */,
			);
			name = LaunchScreen.storyboard;
			sourceTree = "<group>";
		};
/* End PBXVariantGroup section */

/* Begin XCBuildConfiguration section */
		3AFA7ED21F64546300CC1D2D /* Debug */ = {
			isa = XCBuildConfiguration;
			buildSettings = {
				ALWAYS_SEARCH_USER_PATHS = NO;
				CLANG_ANALYZER_NONNULL = YES;
				CLANG_ANALYZER_NUMBER_OBJECT_CONVERSION = YES_AGGRESSIVE;
				CLANG_CXX_LANGUAGE_STANDARD = "gnu++0x";
				CLANG_CXX_LIBRARY = "libc++";
				CLANG_ENABLE_MODULES = YES;
				CLANG_ENABLE_OBJC_ARC = YES;
				CLANG_WARN_BOOL_CONVERSION = YES;
				CLANG_WARN_CONSTANT_CONVERSION = YES;
				CLANG_WARN_DIRECT_OBJC_ISA_USAGE = YES_ERROR;
				CLANG_WARN_DOCUMENTATION_COMMENTS = YES;
				CLANG_WARN_EMPTY_BODY = YES;
				CLANG_WARN_ENUM_CONVERSION = YES;
				CLANG_WARN_INFINITE_RECURSION = YES;
				CLANG_WARN_INT_CONVERSION = YES;
				CLANG_WARN_OBJC_ROOT_CLASS = YES_ERROR;
				CLANG_WARN_SUSPICIOUS_MOVE = YES;
				CLANG_WARN_UNREACHABLE_CODE = YES;
				CLANG_WARN__DUPLICATE_METHOD_MATCH = YES;
				"CODE_SIGN_IDENTITY[sdk=iphoneos*]" = "iPhone Developer";
				COPY_PHASE_STRIP = NO;
				DEBUG_INFORMATION_FORMAT = dwarf;
				ENABLE_STRICT_OBJC_MSGSEND = YES;
				ENABLE_TESTABILITY = YES;
				GCC_C_LANGUAGE_STANDARD = gnu99;
				GCC_DYNAMIC_NO_PIC = NO;
				GCC_NO_COMMON_BLOCKS = YES;
				GCC_OPTIMIZATION_LEVEL = 0;
				GCC_PREPROCESSOR_DEFINITIONS = (
					"DEBUG=1",
					"$(inherited)",
				);
				GCC_WARN_64_TO_32_BIT_CONVERSION = YES;
				GCC_WARN_ABOUT_RETURN_TYPE = YES_ERROR;
				GCC_WARN_UNDECLARED_SELECTOR = YES;
				GCC_WARN_UNINITIALIZED_AUTOS = YES_AGGRESSIVE;
				GCC_WARN_UNUSED_FUNCTION = YES;
				GCC_WARN_UNUSED_VARIABLE = YES;
				IPHONEOS_DEPLOYMENT_TARGET = 10.3;
				MTL_ENABLE_DEBUG_INFO = YES;
				ONLY_ACTIVE_ARCH = YES;
				SDKROOT = iphoneos;
			};
			name = Debug;
		};
		3AFA7ED31F64546300CC1D2D /* Release */ = {
			isa = XCBuildConfiguration;
			buildSettings = {
				ALWAYS_SEARCH_USER_PATHS = NO;
				CLANG_ANALYZER_NONNULL = YES;
				CLANG_ANALYZER_NUMBER_OBJECT_CONVERSION = YES_AGGRESSIVE;
				CLANG_CXX_LANGUAGE_STANDARD = "gnu++0x";
				CLANG_CXX_LIBRARY = "libc++";
				CLANG_ENABLE_MODULES = YES;
				CLANG_ENABLE_OBJC_ARC = YES;
				CLANG_WARN_BOOL_CONVERSION = YES;
				CLANG_WARN_CONSTANT_CONVERSION = YES;
				CLANG_WARN_DIRECT_OBJC_ISA_USAGE = YES_ERROR;
				CLANG_WARN_DOCUMENTATION_COMMENTS = YES;
				CLANG_WARN_EMPTY_BODY = YES;
				CLANG_WARN_ENUM_CONVERSION = YES;
				CLANG_WARN_INFINITE_RECURSION = YES;
				CLANG_WARN_INT_CONVERSION = YES;
				CLANG_WARN_OBJC_ROOT_CLASS = YES_ERROR;
				CLANG_WARN_SUSPICIOUS_MOVE = YES;
				CLANG_WARN_UNREACHABLE_CODE = YES;
				CLANG_WARN__DUPLICATE_METHOD_MATCH = YES;
				"CODE_SIGN_IDENTITY[sdk=iphoneos*]" = "iPhone Developer";
				COPY_PHASE_STRIP = NO;
				DEBUG_INFORMATION_FORMAT = "dwarf-with-dsym";
				ENABLE_NS_ASSERTIONS = NO;
				ENABLE_STRICT_OBJC_MSGSEND = YES;
				GCC_C_LANGUAGE_STANDARD = gnu99;
				GCC_NO_COMMON_BLOCKS = YES;
				GCC_WARN_64_TO_32_BIT_CONVERSION = YES;
				GCC_WARN_ABOUT_RETURN_TYPE = YES_ERROR;
				GCC_WARN_UNDECLARED_SELECTOR = YES;
				GCC_WARN_UNINITIALIZED_AUTOS = YES_AGGRESSIVE;
				GCC_WARN_UNUSED_FUNCTION = YES;
				GCC_WARN_UNUSED_VARIABLE = YES;
				IPHONEOS_DEPLOYMENT_TARGET = 10.3;
				MTL_ENABLE_DEBUG_INFO = NO;
				SDKROOT = iphoneos;
				VALIDATE_PRODUCT = YES;
			};
			name = Release;
		};
		3AFA7ED51F64546300CC1D2D /* Debug */ = {
			isa = XCBuildConfiguration;
			baseConfigurationReference = 2C461B054A4E5F8BBDCB051A /* Pods-LBStoreMall.debug.xcconfig */;
			buildSettings = {
				ASSETCATALOG_COMPILER_APPICON_NAME = AppIcon;
				ASSETCATALOG_COMPILER_LAUNCHIMAGE_NAME = LaunchImage;
				DEVELOPMENT_TEAM = 9266GAZZ3C;
				GCC_PREFIX_HEADER = LBStoreMall/LBSMPrefixHeader.pch;
				INFOPLIST_FILE = LBStoreMall/Info.plist;
				IPHONEOS_DEPLOYMENT_TARGET = 8.0;
				LD_RUNPATH_SEARCH_PATHS = "$(inherited) @executable_path/Frameworks";
				PRODUCT_BUNDLE_IDENTIFIER = liubo.LBStoreMall;
				PRODUCT_NAME = "$(TARGET_NAME)";
			};
			name = Debug;
		};
		3AFA7ED61F64546300CC1D2D /* Release */ = {
			isa = XCBuildConfiguration;
			baseConfigurationReference = 6E447257B58F99E197A98854 /* Pods-LBStoreMall.release.xcconfig */;
			buildSettings = {
				ASSETCATALOG_COMPILER_APPICON_NAME = AppIcon;
				ASSETCATALOG_COMPILER_LAUNCHIMAGE_NAME = LaunchImage;
				DEVELOPMENT_TEAM = 9266GAZZ3C;
				GCC_PREFIX_HEADER = LBStoreMall/LBSMPrefixHeader.pch;
				INFOPLIST_FILE = LBStoreMall/Info.plist;
				IPHONEOS_DEPLOYMENT_TARGET = 8.0;
				LD_RUNPATH_SEARCH_PATHS = "$(inherited) @executable_path/Frameworks";
				PRODUCT_BUNDLE_IDENTIFIER = liubo.LBStoreMall;
				PRODUCT_NAME = "$(TARGET_NAME)";
			};
			name = Release;
		};
		3AFA7ED81F64546300CC1D2D /* Debug */ = {
			isa = XCBuildConfiguration;
			buildSettings = {
				BUNDLE_LOADER = "$(TEST_HOST)";
				INFOPLIST_FILE = LBStoreMallTests/Info.plist;
				LD_RUNPATH_SEARCH_PATHS = "$(inherited) @executable_path/Frameworks @loader_path/Frameworks";
				PRODUCT_BUNDLE_IDENTIFIER = liubo.LBStoreMallTests;
				PRODUCT_NAME = "$(TARGET_NAME)";
				TEST_HOST = "$(BUILT_PRODUCTS_DIR)/LBStoreMall.app/LBStoreMall";
			};
			name = Debug;
		};
		3AFA7ED91F64546300CC1D2D /* Release */ = {
			isa = XCBuildConfiguration;
			buildSettings = {
				BUNDLE_LOADER = "$(TEST_HOST)";
				INFOPLIST_FILE = LBStoreMallTests/Info.plist;
				LD_RUNPATH_SEARCH_PATHS = "$(inherited) @executable_path/Frameworks @loader_path/Frameworks";
				PRODUCT_BUNDLE_IDENTIFIER = liubo.LBStoreMallTests;
				PRODUCT_NAME = "$(TARGET_NAME)";
				TEST_HOST = "$(BUILT_PRODUCTS_DIR)/LBStoreMall.app/LBStoreMall";
			};
			name = Release;
		};
		3AFA7EDB1F64546300CC1D2D /* Debug */ = {
			isa = XCBuildConfiguration;
			buildSettings = {
				INFOPLIST_FILE = LBStoreMallUITests/Info.plist;
				LD_RUNPATH_SEARCH_PATHS = "$(inherited) @executable_path/Frameworks @loader_path/Frameworks";
				PRODUCT_BUNDLE_IDENTIFIER = liubo.LBStoreMallUITests;
				PRODUCT_NAME = "$(TARGET_NAME)";
				TEST_TARGET_NAME = LBStoreMall;
			};
			name = Debug;
		};
		3AFA7EDC1F64546300CC1D2D /* Release */ = {
			isa = XCBuildConfiguration;
			buildSettings = {
				INFOPLIST_FILE = LBStoreMallUITests/Info.plist;
				LD_RUNPATH_SEARCH_PATHS = "$(inherited) @executable_path/Frameworks @loader_path/Frameworks";
				PRODUCT_BUNDLE_IDENTIFIER = liubo.LBStoreMallUITests;
				PRODUCT_NAME = "$(TARGET_NAME)";
				TEST_TARGET_NAME = LBStoreMall;
			};
			name = Release;
		};
/* End XCBuildConfiguration section */

/* Begin XCConfigurationList section */
		3AFA7EA21F64546300CC1D2D /* Build configuration list for PBXProject "LBStoreMall" */ = {
			isa = XCConfigurationList;
			buildConfigurations = (
				3AFA7ED21F64546300CC1D2D /* Debug */,
				3AFA7ED31F64546300CC1D2D /* Release */,
			);
			defaultConfigurationIsVisible = 0;
			defaultConfigurationName = Release;
		};
		3AFA7ED41F64546300CC1D2D /* Build configuration list for PBXNativeTarget "LBStoreMall" */ = {
			isa = XCConfigurationList;
			buildConfigurations = (
				3AFA7ED51F64546300CC1D2D /* Debug */,
				3AFA7ED61F64546300CC1D2D /* Release */,
			);
			defaultConfigurationIsVisible = 0;
			defaultConfigurationName = Release;
		};
		3AFA7ED71F64546300CC1D2D /* Build configuration list for PBXNativeTarget "LBStoreMallTests" */ = {
			isa = XCConfigurationList;
			buildConfigurations = (
				3AFA7ED81F64546300CC1D2D /* Debug */,
				3AFA7ED91F64546300CC1D2D /* Release */,
			);
			defaultConfigurationIsVisible = 0;
			defaultConfigurationName = Release;
		};
		3AFA7EDA1F64546300CC1D2D /* Build configuration list for PBXNativeTarget "LBStoreMallUITests" */ = {
			isa = XCConfigurationList;
			buildConfigurations = (
				3AFA7EDB1F64546300CC1D2D /* Debug */,
				3AFA7EDC1F64546300CC1D2D /* Release */,
			);
			defaultConfigurationIsVisible = 0;
			defaultConfigurationName = Release;
		};
/* End XCConfigurationList section */
	};
	rootObject = 3AFA7E9F1F64546300CC1D2D /* Project object */;
}
